
Microsoft Visual Studio Solution File, Format Version 12.00
# Visual Studio 2012
Project("{FAE04EC0-301F-11D3-BF4B-00C04F79EFBC}") = "BinaryTree", "BinaryTree\BinaryTree.csproj", "{C0E3F9BC-70A2-48C5-8B8A-CF474EF61E00}"
EndProject
Global
	GlobalSection(SolutionConfigurationPlatforms) = preSolution
		Debug|Any CPU = Debug|Any CPU
		Release|Any CPU = Release|Any CPU
	EndGlobalSection
	GlobalSection(ProjectConfigurationPlatforms) = postSolution
		{C0E3F9BC-70A2-48C5-8B8A-CF474EF61E00}.Debug|Any CPU.ActiveCfg = Debug|Any CPU
		{C0E3F9BC-70A2-48C5-8B8A-CF474EF61E00}.Debug|Any CPU.Build.0 = Debug|Any CPU
		{C0E3F9BC-70A2-48C5-8B8A-CF474EF61E00}.Release|Any CPU.ActiveCfg = Release|Any CPU
		{C0E3F9BC-70A2-48C5-8B8A-CF474EF61E00}.Release|Any CPU.Build.0 = Release|Any CPU
	EndGlobalSection
	GlobalSection(SolutionProperties) = preSolution
		HideSolutionNode = FALSE
	EndGlobalSection
	GlobalSection(Performance) = preSolution
		HasPerformanceSessions = true
	EndGlobalSection
EndGlobal
