
Microsoft Visual Studio Solution File, Format Version 12.00
# Visual Studio 2013
Project("{FAE04EC0-301F-11D3-BF4B-00C04F79EFBC}") = "AlterNative", "AlterNative\AlterNative.csproj", "{A705DF43-00D6-475D-806C-8152C4441E25}"
EndProject
Project("{FAE04EC0-301F-11D3-BF4B-00C04F79EFBC}") = "ILSpy", "ILSpy\ILSpy.csproj", "{1E85EFF9-E370-4683-83E4-8A3D063FF791}"
EndProject
Project("{2150E333-8FDC-42A3-9474-1A3956D46DE8}") = "ILSpy projects", "ILSpy projects", "{2EBE8CE1-1FE5-42B1-9DDD-615BA419912B}"
EndProject
Project("{FAE04EC0-301F-11D3-BF4B-00C04F79EFBC}") = "ICSharpCode.NRefactory", "NRefactory\ICSharpCode.NRefactory\ICSharpCode.NRefactory.csproj", "{3B2A5653-EC97-4001-BB9B-D90F1AF2C371}"
EndProject
Project("{FAE04EC0-301F-11D3-BF4B-00C04F79EFBC}") = "ICSharpCode.NRefactory.Cpp", "NRefactory\ICSharpCode.NRefactory.Cpp\ICSharpCode.NRefactory.Cpp.csproj", "{37669DE0-87E0-4CD0-AB53-170C38270857}"
EndProject
Project("{FAE04EC0-301F-11D3-BF4B-00C04F79EFBC}") = "ICSharpCode.NRefactory.CSharp", "NRefactory\ICSharpCode.NRefactory.CSharp\ICSharpCode.NRefactory.CSharp.csproj", "{53DCA265-3C3C-42F9-B647-F72BA678122B}"
EndProject
Project("{FAE04EC0-301F-11D3-BF4B-00C04F79EFBC}") = "ICSharpCode.NRefactory.VB", "NRefactory\ICSharpCode.NRefactory.VB\ICSharpCode.NRefactory.VB.csproj", "{7B82B671-419F-45F4-B778-D9286F996EFA}"
EndProject
Project("{FAE04EC0-301F-11D3-BF4B-00C04F79EFBC}") = "Mono.Cecil", "Mono.Cecil\Mono.Cecil.csproj", "{D68133BD-1E63-496E-9EDE-4FBDBF77B486}"
EndProject
Project("{FAE04EC0-301F-11D3-BF4B-00C04F79EFBC}") = "ICSharpCode.Decompiler", "ICSharpCode.Decompiler\ICSharpCode.Decompiler.csproj", "{984CC812-9470-4A13-AFF9-CC44068D666C}"
EndProject
Project("{2150E333-8FDC-42A3-9474-1A3956D46DE8}") = "Debugger", "Debugger", "{D5D821CF-658A-472B-A9DE-F581B16950A2}"
EndProject
Project("{FAE04EC0-301F-11D3-BF4B-00C04F79EFBC}") = "ILSpy.Debugger", "Debugger\ILSpy.Debugger\ILSpy.Debugger.csproj", "{6D3D0F0D-348D-456A-A6ED-E9BD5EFABB6A}"
EndProject
Project("{FAE04EC0-301F-11D3-BF4B-00C04F79EFBC}") = "Debugger.Core", "Debugger\Debugger.Core\Debugger.Core.csproj", "{1D18D788-F7EE-4585-A23B-34DC8EC63CB8}"
EndProject
Project("{FAE04EC0-301F-11D3-BF4B-00C04F79EFBC}") = "ICSharpCode.AvalonEdit", "AvalonEdit\ICSharpCode.AvalonEdit\ICSharpCode.AvalonEdit.csproj", "{6C55B776-26D4-4DB3-A6AB-87E783B2F3D1}"
EndProject
Project("{FAE04EC0-301F-11D3-BF4B-00C04F79EFBC}") = "ICSharpCode.TreeView", "SharpTreeView\ICSharpCode.TreeView.csproj", "{DDE2A481-8271-4EAC-A330-8FA6A38D13D1}"
EndProject
Project("{FAE04EC0-301F-11D3-BF4B-00C04F79EFBC}") = "ILSpy.SharpDevelop.LGPL", "ILSpy.SharpDevelop.LGPL\ILSpy.SharpDevelop.LGPL.csproj", "{704F66F1-5C7F-4326-A7AA-C604A3896D4E}"
EndProject
Project("{FAE04EC0-301F-11D3-BF4B-00C04F79EFBC}") = "Mono.Cecil.Pdb", "Mono.Cecil\symbols\pdb\Mono.Cecil.Pdb.csproj", "{63E6915C-7EA4-4D76-AB28-0D7191EEA626}"
EndProject
Project("{FAE04EC0-301F-11D3-BF4B-00C04F79EFBC}") = "AlterNative.Tools", "AlterNative.Tools\AlterNative.Tools.csproj", "{38C5F3CB-339F-4DD3-9197-98989CA94F9D}"
EndProject
Project("{2150E333-8FDC-42A3-9474-1A3956D46DE8}") = "Solution Items", "Solution Items", "{EED9B8DA-5029-4BA2-B1AA-613D24513D83}"
	ProjectSection(SolutionItems) = preProject
		Performance1.psess = Performance1.psess
	EndProjectSection
EndProject
Global
	GlobalSection(SolutionConfigurationPlatforms) = preSolution
		Debug|Any CPU = Debug|Any CPU
		Debug|Mixed Platforms = Debug|Mixed Platforms
		Debug|x86 = Debug|x86
		net_2_0_Debug|Any CPU = net_2_0_Debug|Any CPU
		net_2_0_Debug|Mixed Platforms = net_2_0_Debug|Mixed Platforms
		net_2_0_Debug|x86 = net_2_0_Debug|x86
		net_2_0_Release|Any CPU = net_2_0_Release|Any CPU
		net_2_0_Release|Mixed Platforms = net_2_0_Release|Mixed Platforms
		net_2_0_Release|x86 = net_2_0_Release|x86
		net_3_5_Debug|Any CPU = net_3_5_Debug|Any CPU
		net_3_5_Debug|Mixed Platforms = net_3_5_Debug|Mixed Platforms
		net_3_5_Debug|x86 = net_3_5_Debug|x86
		net_3_5_Release|Any CPU = net_3_5_Release|Any CPU
		net_3_5_Release|Mixed Platforms = net_3_5_Release|Mixed Platforms
		net_3_5_Release|x86 = net_3_5_Release|x86
		net_4_0_Debug|Any CPU = net_4_0_Debug|Any CPU
		net_4_0_Debug|Mixed Platforms = net_4_0_Debug|Mixed Platforms
		net_4_0_Debug|x86 = net_4_0_Debug|x86
		net_4_0_Release|Any CPU = net_4_0_Release|Any CPU
		net_4_0_Release|Mixed Platforms = net_4_0_Release|Mixed Platforms
		net_4_0_Release|x86 = net_4_0_Release|x86
		Release|Any CPU = Release|Any CPU
		Release|Mixed Platforms = Release|Mixed Platforms
		Release|x86 = Release|x86
	EndGlobalSection
	GlobalSection(ProjectConfigurationPlatforms) = postSolution
		{A705DF43-00D6-475D-806C-8152C4441E25}.Debug|Any CPU.ActiveCfg = Debug|x86
		{A705DF43-00D6-475D-806C-8152C4441E25}.Debug|Mixed Platforms.ActiveCfg = Debug|Any CPU
		{A705DF43-00D6-475D-806C-8152C4441E25}.Debug|Mixed Platforms.Build.0 = Debug|Any CPU
		{A705DF43-00D6-475D-806C-8152C4441E25}.Debug|x86.ActiveCfg = Debug|x86
		{A705DF43-00D6-475D-806C-8152C4441E25}.Debug|x86.Build.0 = Debug|x86
		{A705DF43-00D6-475D-806C-8152C4441E25}.net_2_0_Debug|Any CPU.ActiveCfg = Debug|x86
		{A705DF43-00D6-475D-806C-8152C4441E25}.net_2_0_Debug|Mixed Platforms.ActiveCfg = Debug|x86
		{A705DF43-00D6-475D-806C-8152C4441E25}.net_2_0_Debug|Mixed Platforms.Build.0 = Debug|x86
		{A705DF43-00D6-475D-806C-8152C4441E25}.net_2_0_Debug|x86.ActiveCfg = Debug|x86
		{A705DF43-00D6-475D-806C-8152C4441E25}.net_2_0_Debug|x86.Build.0 = Debug|x86
		{A705DF43-00D6-475D-806C-8152C4441E25}.net_2_0_Release|Any CPU.ActiveCfg = Release|x86
		{A705DF43-00D6-475D-806C-8152C4441E25}.net_2_0_Release|Mixed Platforms.ActiveCfg = Release|x86
		{A705DF43-00D6-475D-806C-8152C4441E25}.net_2_0_Release|Mixed Platforms.Build.0 = Release|x86
		{A705DF43-00D6-475D-806C-8152C4441E25}.net_2_0_Release|x86.ActiveCfg = Release|x86
		{A705DF43-00D6-475D-806C-8152C4441E25}.net_2_0_Release|x86.Build.0 = Release|x86
		{A705DF43-00D6-475D-806C-8152C4441E25}.net_3_5_Debug|Any CPU.ActiveCfg = Debug|x86
		{A705DF43-00D6-475D-806C-8152C4441E25}.net_3_5_Debug|Mixed Platforms.ActiveCfg = Debug|x86
		{A705DF43-00D6-475D-806C-8152C4441E25}.net_3_5_Debug|Mixed Platforms.Build.0 = Debug|x86
		{A705DF43-00D6-475D-806C-8152C4441E25}.net_3_5_Debug|x86.ActiveCfg = Debug|x86
		{A705DF43-00D6-475D-806C-8152C4441E25}.net_3_5_Debug|x86.Build.0 = Debug|x86
		{A705DF43-00D6-475D-806C-8152C4441E25}.net_3_5_Release|Any CPU.ActiveCfg = Release|x86
		{A705DF43-00D6-475D-806C-8152C4441E25}.net_3_5_Release|Mixed Platforms.ActiveCfg = Release|x86
		{A705DF43-00D6-475D-806C-8152C4441E25}.net_3_5_Release|Mixed Platforms.Build.0 = Release|x86
		{A705DF43-00D6-475D-806C-8152C4441E25}.net_3_5_Release|x86.ActiveCfg = Release|x86
		{A705DF43-00D6-475D-806C-8152C4441E25}.net_3_5_Release|x86.Build.0 = Release|x86
		{A705DF43-00D6-475D-806C-8152C4441E25}.net_4_0_Debug|Any CPU.ActiveCfg = Debug|x86
		{A705DF43-00D6-475D-806C-8152C4441E25}.net_4_0_Debug|Mixed Platforms.ActiveCfg = Debug|x86
		{A705DF43-00D6-475D-806C-8152C4441E25}.net_4_0_Debug|Mixed Platforms.Build.0 = Debug|x86
		{A705DF43-00D6-475D-806C-8152C4441E25}.net_4_0_Debug|x86.ActiveCfg = Debug|x86
		{A705DF43-00D6-475D-806C-8152C4441E25}.net_4_0_Debug|x86.Build.0 = Debug|x86
		{A705DF43-00D6-475D-806C-8152C4441E25}.net_4_0_Release|Any CPU.ActiveCfg = Release|x86
		{A705DF43-00D6-475D-806C-8152C4441E25}.net_4_0_Release|Mixed Platforms.ActiveCfg = Release|x86
		{A705DF43-00D6-475D-806C-8152C4441E25}.net_4_0_Release|Mixed Platforms.Build.0 = Release|x86
		{A705DF43-00D6-475D-806C-8152C4441E25}.net_4_0_Release|x86.ActiveCfg = Release|x86
		{A705DF43-00D6-475D-806C-8152C4441E25}.net_4_0_Release|x86.Build.0 = Release|x86
		{A705DF43-00D6-475D-806C-8152C4441E25}.Release|Any CPU.ActiveCfg = Release|x86
		{A705DF43-00D6-475D-806C-8152C4441E25}.Release|Mixed Platforms.ActiveCfg = Release|x86
		{A705DF43-00D6-475D-806C-8152C4441E25}.Release|Mixed Platforms.Build.0 = Release|x86
		{A705DF43-00D6-475D-806C-8152C4441E25}.Release|x86.ActiveCfg = Release|x86
		{A705DF43-00D6-475D-806C-8152C4441E25}.Release|x86.Build.0 = Release|x86
		{1E85EFF9-E370-4683-83E4-8A3D063FF791}.Debug|Any CPU.ActiveCfg = Debug|Any CPU
		{1E85EFF9-E370-4683-83E4-8A3D063FF791}.Debug|Any CPU.Build.0 = Debug|Any CPU
		{1E85EFF9-E370-4683-83E4-8A3D063FF791}.Debug|Mixed Platforms.ActiveCfg = Debug|Any CPU
		{1E85EFF9-E370-4683-83E4-8A3D063FF791}.Debug|Mixed Platforms.Build.0 = Debug|Any CPU
		{1E85EFF9-E370-4683-83E4-8A3D063FF791}.Debug|x86.ActiveCfg = Debug|x86
		{1E85EFF9-E370-4683-83E4-8A3D063FF791}.Debug|x86.Build.0 = Debug|x86
		{1E85EFF9-E370-4683-83E4-8A3D063FF791}.net_2_0_Debug|Any CPU.ActiveCfg = Debug|Any CPU
		{1E85EFF9-E370-4683-83E4-8A3D063FF791}.net_2_0_Debug|Any CPU.Build.0 = Debug|Any CPU
		{1E85EFF9-E370-4683-83E4-8A3D063FF791}.net_2_0_Debug|Mixed Platforms.ActiveCfg = Debug|Any CPU
		{1E85EFF9-E370-4683-83E4-8A3D063FF791}.net_2_0_Debug|Mixed Platforms.Build.0 = Debug|Any CPU
		{1E85EFF9-E370-4683-83E4-8A3D063FF791}.net_2_0_Debug|x86.ActiveCfg = Debug|x86
		{1E85EFF9-E370-4683-83E4-8A3D063FF791}.net_2_0_Debug|x86.Build.0 = Debug|x86
		{1E85EFF9-E370-4683-83E4-8A3D063FF791}.net_2_0_Release|Any CPU.ActiveCfg = Release|Any CPU
		{1E85EFF9-E370-4683-83E4-8A3D063FF791}.net_2_0_Release|Any CPU.Build.0 = Release|Any CPU
		{1E85EFF9-E370-4683-83E4-8A3D063FF791}.net_2_0_Release|Mixed Platforms.ActiveCfg = Release|Any CPU
		{1E85EFF9-E370-4683-83E4-8A3D063FF791}.net_2_0_Release|Mixed Platforms.Build.0 = Release|Any CPU
		{1E85EFF9-E370-4683-83E4-8A3D063FF791}.net_2_0_Release|x86.ActiveCfg = Release|x86
		{1E85EFF9-E370-4683-83E4-8A3D063FF791}.net_2_0_Release|x86.Build.0 = Release|x86
		{1E85EFF9-E370-4683-83E4-8A3D063FF791}.net_3_5_Debug|Any CPU.ActiveCfg = Debug|Any CPU
		{1E85EFF9-E370-4683-83E4-8A3D063FF791}.net_3_5_Debug|Any CPU.Build.0 = Debug|Any CPU
		{1E85EFF9-E370-4683-83E4-8A3D063FF791}.net_3_5_Debug|Mixed Platforms.ActiveCfg = Debug|Any CPU
		{1E85EFF9-E370-4683-83E4-8A3D063FF791}.net_3_5_Debug|Mixed Platforms.Build.0 = Debug|Any CPU
		{1E85EFF9-E370-4683-83E4-8A3D063FF791}.net_3_5_Debug|x86.ActiveCfg = Debug|x86
		{1E85EFF9-E370-4683-83E4-8A3D063FF791}.net_3_5_Debug|x86.Build.0 = Debug|x86
		{1E85EFF9-E370-4683-83E4-8A3D063FF791}.net_3_5_Release|Any CPU.ActiveCfg = Release|Any CPU
		{1E85EFF9-E370-4683-83E4-8A3D063FF791}.net_3_5_Release|Any CPU.Build.0 = Release|Any CPU
		{1E85EFF9-E370-4683-83E4-8A3D063FF791}.net_3_5_Release|Mixed Platforms.ActiveCfg = Release|Any CPU
		{1E85EFF9-E370-4683-83E4-8A3D063FF791}.net_3_5_Release|Mixed Platforms.Build.0 = Release|Any CPU
		{1E85EFF9-E370-4683-83E4-8A3D063FF791}.net_3_5_Release|x86.ActiveCfg = Release|x86
		{1E85EFF9-E370-4683-83E4-8A3D063FF791}.net_3_5_Release|x86.Build.0 = Release|x86
		{1E85EFF9-E370-4683-83E4-8A3D063FF791}.net_4_0_Debug|Any CPU.ActiveCfg = Debug|Any CPU
		{1E85EFF9-E370-4683-83E4-8A3D063FF791}.net_4_0_Debug|Any CPU.Build.0 = Debug|Any CPU
		{1E85EFF9-E370-4683-83E4-8A3D063FF791}.net_4_0_Debug|Mixed Platforms.ActiveCfg = Debug|Any CPU
		{1E85EFF9-E370-4683-83E4-8A3D063FF791}.net_4_0_Debug|Mixed Platforms.Build.0 = Debug|Any CPU
		{1E85EFF9-E370-4683-83E4-8A3D063FF791}.net_4_0_Debug|x86.ActiveCfg = Debug|x86
		{1E85EFF9-E370-4683-83E4-8A3D063FF791}.net_4_0_Debug|x86.Build.0 = Debug|x86
		{1E85EFF9-E370-4683-83E4-8A3D063FF791}.net_4_0_Release|Any CPU.ActiveCfg = Release|Any CPU
		{1E85EFF9-E370-4683-83E4-8A3D063FF791}.net_4_0_Release|Any CPU.Build.0 = Release|Any CPU
		{1E85EFF9-E370-4683-83E4-8A3D063FF791}.net_4_0_Release|Mixed Platforms.ActiveCfg = Release|Any CPU
		{1E85EFF9-E370-4683-83E4-8A3D063FF791}.net_4_0_Release|Mixed Platforms.Build.0 = Release|Any CPU
		{1E85EFF9-E370-4683-83E4-8A3D063FF791}.net_4_0_Release|x86.ActiveCfg = Release|x86
		{1E85EFF9-E370-4683-83E4-8A3D063FF791}.net_4_0_Release|x86.Build.0 = Release|x86
		{1E85EFF9-E370-4683-83E4-8A3D063FF791}.Release|Any CPU.ActiveCfg = Release|Any CPU
		{1E85EFF9-E370-4683-83E4-8A3D063FF791}.Release|Any CPU.Build.0 = Release|Any CPU
		{1E85EFF9-E370-4683-83E4-8A3D063FF791}.Release|Mixed Platforms.ActiveCfg = Release|Any CPU
		{1E85EFF9-E370-4683-83E4-8A3D063FF791}.Release|Mixed Platforms.Build.0 = Release|Any CPU
		{1E85EFF9-E370-4683-83E4-8A3D063FF791}.Release|x86.ActiveCfg = Release|x86
		{1E85EFF9-E370-4683-83E4-8A3D063FF791}.Release|x86.Build.0 = Release|x86
		{3B2A5653-EC97-4001-BB9B-D90F1AF2C371}.Debug|Any CPU.ActiveCfg = Debug|Any CPU
		{3B2A5653-EC97-4001-BB9B-D90F1AF2C371}.Debug|Any CPU.Build.0 = Debug|Any CPU
		{3B2A5653-EC97-4001-BB9B-D90F1AF2C371}.Debug|Mixed Platforms.ActiveCfg = Debug|Any CPU
		{3B2A5653-EC97-4001-BB9B-D90F1AF2C371}.Debug|Mixed Platforms.Build.0 = Debug|Any CPU
		{3B2A5653-EC97-4001-BB9B-D90F1AF2C371}.Debug|x86.ActiveCfg = Debug|Any CPU
		{3B2A5653-EC97-4001-BB9B-D90F1AF2C371}.net_2_0_Debug|Any CPU.ActiveCfg = Debug|Any CPU
		{3B2A5653-EC97-4001-BB9B-D90F1AF2C371}.net_2_0_Debug|Any CPU.Build.0 = Debug|Any CPU
		{3B2A5653-EC97-4001-BB9B-D90F1AF2C371}.net_2_0_Debug|Mixed Platforms.ActiveCfg = Debug|Any CPU
		{3B2A5653-EC97-4001-BB9B-D90F1AF2C371}.net_2_0_Debug|Mixed Platforms.Build.0 = Debug|Any CPU
		{3B2A5653-EC97-4001-BB9B-D90F1AF2C371}.net_2_0_Debug|x86.ActiveCfg = Debug|Any CPU
		{3B2A5653-EC97-4001-BB9B-D90F1AF2C371}.net_2_0_Release|Any CPU.ActiveCfg = Release|Any CPU
		{3B2A5653-EC97-4001-BB9B-D90F1AF2C371}.net_2_0_Release|Any CPU.Build.0 = Release|Any CPU
		{3B2A5653-EC97-4001-BB9B-D90F1AF2C371}.net_2_0_Release|Mixed Platforms.ActiveCfg = Release|Any CPU
		{3B2A5653-EC97-4001-BB9B-D90F1AF2C371}.net_2_0_Release|Mixed Platforms.Build.0 = Release|Any CPU
		{3B2A5653-EC97-4001-BB9B-D90F1AF2C371}.net_2_0_Release|x86.ActiveCfg = Release|Any CPU
		{3B2A5653-EC97-4001-BB9B-D90F1AF2C371}.net_3_5_Debug|Any CPU.ActiveCfg = Debug|Any CPU
		{3B2A5653-EC97-4001-BB9B-D90F1AF2C371}.net_3_5_Debug|Any CPU.Build.0 = Debug|Any CPU
		{3B2A5653-EC97-4001-BB9B-D90F1AF2C371}.net_3_5_Debug|Mixed Platforms.ActiveCfg = Debug|Any CPU
		{3B2A5653-EC97-4001-BB9B-D90F1AF2C371}.net_3_5_Debug|Mixed Platforms.Build.0 = Debug|Any CPU
		{3B2A5653-EC97-4001-BB9B-D90F1AF2C371}.net_3_5_Debug|x86.ActiveCfg = Debug|Any CPU
		{3B2A5653-EC97-4001-BB9B-D90F1AF2C371}.net_3_5_Release|Any CPU.ActiveCfg = Release|Any CPU
		{3B2A5653-EC97-4001-BB9B-D90F1AF2C371}.net_3_5_Release|Any CPU.Build.0 = Release|Any CPU
		{3B2A5653-EC97-4001-BB9B-D90F1AF2C371}.net_3_5_Release|Mixed Platforms.ActiveCfg = Release|Any CPU
		{3B2A5653-EC97-4001-BB9B-D90F1AF2C371}.net_3_5_Release|Mixed Platforms.Build.0 = Release|Any CPU
		{3B2A5653-EC97-4001-BB9B-D90F1AF2C371}.net_3_5_Release|x86.ActiveCfg = Release|Any CPU
		{3B2A5653-EC97-4001-BB9B-D90F1AF2C371}.net_4_0_Debug|Any CPU.ActiveCfg = Debug|Any CPU
		{3B2A5653-EC97-4001-BB9B-D90F1AF2C371}.net_4_0_Debug|Any CPU.Build.0 = Debug|Any CPU
		{3B2A5653-EC97-4001-BB9B-D90F1AF2C371}.net_4_0_Debug|Mixed Platforms.ActiveCfg = Debug|Any CPU
		{3B2A5653-EC97-4001-BB9B-D90F1AF2C371}.net_4_0_Debug|Mixed Platforms.Build.0 = Debug|Any CPU
		{3B2A5653-EC97-4001-BB9B-D90F1AF2C371}.net_4_0_Debug|x86.ActiveCfg = Debug|Any CPU
		{3B2A5653-EC97-4001-BB9B-D90F1AF2C371}.net_4_0_Release|Any CPU.ActiveCfg = Release|Any CPU
		{3B2A5653-EC97-4001-BB9B-D90F1AF2C371}.net_4_0_Release|Any CPU.Build.0 = Release|Any CPU
		{3B2A5653-EC97-4001-BB9B-D90F1AF2C371}.net_4_0_Release|Mixed Platforms.ActiveCfg = Release|Any CPU
		{3B2A5653-EC97-4001-BB9B-D90F1AF2C371}.net_4_0_Release|Mixed Platforms.Build.0 = Release|Any CPU
		{3B2A5653-EC97-4001-BB9B-D90F1AF2C371}.net_4_0_Release|x86.ActiveCfg = Release|Any CPU
		{3B2A5653-EC97-4001-BB9B-D90F1AF2C371}.Release|Any CPU.ActiveCfg = Release|Any CPU
		{3B2A5653-EC97-4001-BB9B-D90F1AF2C371}.Release|Any CPU.Build.0 = Release|Any CPU
		{3B2A5653-EC97-4001-BB9B-D90F1AF2C371}.Release|Mixed Platforms.ActiveCfg = Release|Any CPU
		{3B2A5653-EC97-4001-BB9B-D90F1AF2C371}.Release|Mixed Platforms.Build.0 = Release|Any CPU
		{3B2A5653-EC97-4001-BB9B-D90F1AF2C371}.Release|x86.ActiveCfg = Release|Any CPU
		{37669DE0-87E0-4CD0-AB53-170C38270857}.Debug|Any CPU.ActiveCfg = Debug|Any CPU
		{37669DE0-87E0-4CD0-AB53-170C38270857}.Debug|Any CPU.Build.0 = Debug|Any CPU
		{37669DE0-87E0-4CD0-AB53-170C38270857}.Debug|Mixed Platforms.ActiveCfg = Debug|Any CPU
		{37669DE0-87E0-4CD0-AB53-170C38270857}.Debug|Mixed Platforms.Build.0 = Debug|Any CPU
		{37669DE0-87E0-4CD0-AB53-170C38270857}.Debug|x86.ActiveCfg = Debug|Any CPU
		{37669DE0-87E0-4CD0-AB53-170C38270857}.net_2_0_Debug|Any CPU.ActiveCfg = Debug|Any CPU
		{37669DE0-87E0-4CD0-AB53-170C38270857}.net_2_0_Debug|Any CPU.Build.0 = Debug|Any CPU
		{37669DE0-87E0-4CD0-AB53-170C38270857}.net_2_0_Debug|Mixed Platforms.ActiveCfg = Debug|Any CPU
		{37669DE0-87E0-4CD0-AB53-170C38270857}.net_2_0_Debug|Mixed Platforms.Build.0 = Debug|Any CPU
		{37669DE0-87E0-4CD0-AB53-170C38270857}.net_2_0_Debug|x86.ActiveCfg = Debug|Any CPU
		{37669DE0-87E0-4CD0-AB53-170C38270857}.net_2_0_Release|Any CPU.ActiveCfg = Release|Any CPU
		{37669DE0-87E0-4CD0-AB53-170C38270857}.net_2_0_Release|Any CPU.Build.0 = Release|Any CPU
		{37669DE0-87E0-4CD0-AB53-170C38270857}.net_2_0_Release|Mixed Platforms.ActiveCfg = Release|Any CPU
		{37669DE0-87E0-4CD0-AB53-170C38270857}.net_2_0_Release|Mixed Platforms.Build.0 = Release|Any CPU
		{37669DE0-87E0-4CD0-AB53-170C38270857}.net_2_0_Release|x86.ActiveCfg = Release|Any CPU
		{37669DE0-87E0-4CD0-AB53-170C38270857}.net_3_5_Debug|Any CPU.ActiveCfg = Debug|Any CPU
		{37669DE0-87E0-4CD0-AB53-170C38270857}.net_3_5_Debug|Any CPU.Build.0 = Debug|Any CPU
		{37669DE0-87E0-4CD0-AB53-170C38270857}.net_3_5_Debug|Mixed Platforms.ActiveCfg = Debug|Any CPU
		{37669DE0-87E0-4CD0-AB53-170C38270857}.net_3_5_Debug|Mixed Platforms.Build.0 = Debug|Any CPU
		{37669DE0-87E0-4CD0-AB53-170C38270857}.net_3_5_Debug|x86.ActiveCfg = Debug|Any CPU
		{37669DE0-87E0-4CD0-AB53-170C38270857}.net_3_5_Release|Any CPU.ActiveCfg = Release|Any CPU
		{37669DE0-87E0-4CD0-AB53-170C38270857}.net_3_5_Release|Any CPU.Build.0 = Release|Any CPU
		{37669DE0-87E0-4CD0-AB53-170C38270857}.net_3_5_Release|Mixed Platforms.ActiveCfg = Release|Any CPU
		{37669DE0-87E0-4CD0-AB53-170C38270857}.net_3_5_Release|Mixed Platforms.Build.0 = Release|Any CPU
		{37669DE0-87E0-4CD0-AB53-170C38270857}.net_3_5_Release|x86.ActiveCfg = Release|Any CPU
		{37669DE0-87E0-4CD0-AB53-170C38270857}.net_4_0_Debug|Any CPU.ActiveCfg = Debug|Any CPU
		{37669DE0-87E0-4CD0-AB53-170C38270857}.net_4_0_Debug|Any CPU.Build.0 = Debug|Any CPU
		{37669DE0-87E0-4CD0-AB53-170C38270857}.net_4_0_Debug|Mixed Platforms.ActiveCfg = Debug|Any CPU
		{37669DE0-87E0-4CD0-AB53-170C38270857}.net_4_0_Debug|Mixed Platforms.Build.0 = Debug|Any CPU
		{37669DE0-87E0-4CD0-AB53-170C38270857}.net_4_0_Debug|x86.ActiveCfg = Debug|Any CPU
		{37669DE0-87E0-4CD0-AB53-170C38270857}.net_4_0_Release|Any CPU.ActiveCfg = Release|Any CPU
		{37669DE0-87E0-4CD0-AB53-170C38270857}.net_4_0_Release|Any CPU.Build.0 = Release|Any CPU
		{37669DE0-87E0-4CD0-AB53-170C38270857}.net_4_0_Release|Mixed Platforms.ActiveCfg = Release|Any CPU
		{37669DE0-87E0-4CD0-AB53-170C38270857}.net_4_0_Release|Mixed Platforms.Build.0 = Release|Any CPU
		{37669DE0-87E0-4CD0-AB53-170C38270857}.net_4_0_Release|x86.ActiveCfg = Release|Any CPU
		{37669DE0-87E0-4CD0-AB53-170C38270857}.Release|Any CPU.ActiveCfg = Release|Any CPU
		{37669DE0-87E0-4CD0-AB53-170C38270857}.Release|Any CPU.Build.0 = Release|Any CPU
		{37669DE0-87E0-4CD0-AB53-170C38270857}.Release|Mixed Platforms.ActiveCfg = Release|Any CPU
		{37669DE0-87E0-4CD0-AB53-170C38270857}.Release|Mixed Platforms.Build.0 = Release|Any CPU
		{37669DE0-87E0-4CD0-AB53-170C38270857}.Release|x86.ActiveCfg = Release|Any CPU
		{53DCA265-3C3C-42F9-B647-F72BA678122B}.Debug|Any CPU.ActiveCfg = Debug|Any CPU
		{53DCA265-3C3C-42F9-B647-F72BA678122B}.Debug|Any CPU.Build.0 = Debug|Any CPU
		{53DCA265-3C3C-42F9-B647-F72BA678122B}.Debug|Mixed Platforms.ActiveCfg = Debug|Any CPU
		{53DCA265-3C3C-42F9-B647-F72BA678122B}.Debug|Mixed Platforms.Build.0 = Debug|Any CPU
		{53DCA265-3C3C-42F9-B647-F72BA678122B}.Debug|x86.ActiveCfg = Debug|Any CPU
		{53DCA265-3C3C-42F9-B647-F72BA678122B}.net_2_0_Debug|Any CPU.ActiveCfg = Debug|Any CPU
		{53DCA265-3C3C-42F9-B647-F72BA678122B}.net_2_0_Debug|Any CPU.Build.0 = Debug|Any CPU
		{53DCA265-3C3C-42F9-B647-F72BA678122B}.net_2_0_Debug|Mixed Platforms.ActiveCfg = Debug|Any CPU
		{53DCA265-3C3C-42F9-B647-F72BA678122B}.net_2_0_Debug|Mixed Platforms.Build.0 = Debug|Any CPU
		{53DCA265-3C3C-42F9-B647-F72BA678122B}.net_2_0_Debug|x86.ActiveCfg = Debug|Any CPU
		{53DCA265-3C3C-42F9-B647-F72BA678122B}.net_2_0_Release|Any CPU.ActiveCfg = Release|Any CPU
		{53DCA265-3C3C-42F9-B647-F72BA678122B}.net_2_0_Release|Any CPU.Build.0 = Release|Any CPU
		{53DCA265-3C3C-42F9-B647-F72BA678122B}.net_2_0_Release|Mixed Platforms.ActiveCfg = Release|Any CPU
		{53DCA265-3C3C-42F9-B647-F72BA678122B}.net_2_0_Release|Mixed Platforms.Build.0 = Release|Any CPU
		{53DCA265-3C3C-42F9-B647-F72BA678122B}.net_2_0_Release|x86.ActiveCfg = Release|Any CPU
		{53DCA265-3C3C-42F9-B647-F72BA678122B}.net_3_5_Debug|Any CPU.ActiveCfg = Debug|Any CPU
		{53DCA265-3C3C-42F9-B647-F72BA678122B}.net_3_5_Debug|Any CPU.Build.0 = Debug|Any CPU
		{53DCA265-3C3C-42F9-B647-F72BA678122B}.net_3_5_Debug|Mixed Platforms.ActiveCfg = Debug|Any CPU
		{53DCA265-3C3C-42F9-B647-F72BA678122B}.net_3_5_Debug|Mixed Platforms.Build.0 = Debug|Any CPU
		{53DCA265-3C3C-42F9-B647-F72BA678122B}.net_3_5_Debug|x86.ActiveCfg = Debug|Any CPU
		{53DCA265-3C3C-42F9-B647-F72BA678122B}.net_3_5_Release|Any CPU.ActiveCfg = Release|Any CPU
		{53DCA265-3C3C-42F9-B647-F72BA678122B}.net_3_5_Release|Any CPU.Build.0 = Release|Any CPU
		{53DCA265-3C3C-42F9-B647-F72BA678122B}.net_3_5_Release|Mixed Platforms.ActiveCfg = Release|Any CPU
		{53DCA265-3C3C-42F9-B647-F72BA678122B}.net_3_5_Release|Mixed Platforms.Build.0 = Release|Any CPU
		{53DCA265-3C3C-42F9-B647-F72BA678122B}.net_3_5_Release|x86.ActiveCfg = Release|Any CPU
		{53DCA265-3C3C-42F9-B647-F72BA678122B}.net_4_0_Debug|Any CPU.ActiveCfg = Debug|Any CPU
		{53DCA265-3C3C-42F9-B647-F72BA678122B}.net_4_0_Debug|Any CPU.Build.0 = Debug|Any CPU
		{53DCA265-3C3C-42F9-B647-F72BA678122B}.net_4_0_Debug|Mixed Platforms.ActiveCfg = Debug|Any CPU
		{53DCA265-3C3C-42F9-B647-F72BA678122B}.net_4_0_Debug|Mixed Platforms.Build.0 = Debug|Any CPU
		{53DCA265-3C3C-42F9-B647-F72BA678122B}.net_4_0_Debug|x86.ActiveCfg = Debug|Any CPU
		{53DCA265-3C3C-42F9-B647-F72BA678122B}.net_4_0_Release|Any CPU.ActiveCfg = Release|Any CPU
		{53DCA265-3C3C-42F9-B647-F72BA678122B}.net_4_0_Release|Any CPU.Build.0 = Release|Any CPU
		{53DCA265-3C3C-42F9-B647-F72BA678122B}.net_4_0_Release|Mixed Platforms.ActiveCfg = Release|Any CPU
		{53DCA265-3C3C-42F9-B647-F72BA678122B}.net_4_0_Release|Mixed Platforms.Build.0 = Release|Any CPU
		{53DCA265-3C3C-42F9-B647-F72BA678122B}.net_4_0_Release|x86.ActiveCfg = Release|Any CPU
		{53DCA265-3C3C-42F9-B647-F72BA678122B}.Release|Any CPU.ActiveCfg = Release|Any CPU
		{53DCA265-3C3C-42F9-B647-F72BA678122B}.Release|Any CPU.Build.0 = Release|Any CPU
		{53DCA265-3C3C-42F9-B647-F72BA678122B}.Release|Mixed Platforms.ActiveCfg = Release|Any CPU
		{53DCA265-3C3C-42F9-B647-F72BA678122B}.Release|Mixed Platforms.Build.0 = Release|Any CPU
		{53DCA265-3C3C-42F9-B647-F72BA678122B}.Release|x86.ActiveCfg = Release|Any CPU
		{7B82B671-419F-45F4-B778-D9286F996EFA}.Debug|Any CPU.ActiveCfg = Debug|Any CPU
		{7B82B671-419F-45F4-B778-D9286F996EFA}.Debug|Any CPU.Build.0 = Debug|Any CPU
		{7B82B671-419F-45F4-B778-D9286F996EFA}.Debug|Mixed Platforms.ActiveCfg = Debug|Any CPU
		{7B82B671-419F-45F4-B778-D9286F996EFA}.Debug|Mixed Platforms.Build.0 = Debug|Any CPU
		{7B82B671-419F-45F4-B778-D9286F996EFA}.Debug|x86.ActiveCfg = Debug|Any CPU
		{7B82B671-419F-45F4-B778-D9286F996EFA}.net_2_0_Debug|Any CPU.ActiveCfg = Debug|Any CPU
		{7B82B671-419F-45F4-B778-D9286F996EFA}.net_2_0_Debug|Any CPU.Build.0 = Debug|Any CPU
		{7B82B671-419F-45F4-B778-D9286F996EFA}.net_2_0_Debug|Mixed Platforms.ActiveCfg = Debug|Any CPU
		{7B82B671-419F-45F4-B778-D9286F996EFA}.net_2_0_Debug|Mixed Platforms.Build.0 = Debug|Any CPU
		{7B82B671-419F-45F4-B778-D9286F996EFA}.net_2_0_Debug|x86.ActiveCfg = Debug|Any CPU
		{7B82B671-419F-45F4-B778-D9286F996EFA}.net_2_0_Release|Any CPU.ActiveCfg = Release|Any CPU
		{7B82B671-419F-45F4-B778-D9286F996EFA}.net_2_0_Release|Any CPU.Build.0 = Release|Any CPU
		{7B82B671-419F-45F4-B778-D9286F996EFA}.net_2_0_Release|Mixed Platforms.ActiveCfg = Release|Any CPU
		{7B82B671-419F-45F4-B778-D9286F996EFA}.net_2_0_Release|Mixed Platforms.Build.0 = Release|Any CPU
		{7B82B671-419F-45F4-B778-D9286F996EFA}.net_2_0_Release|x86.ActiveCfg = Release|Any CPU
		{7B82B671-419F-45F4-B778-D9286F996EFA}.net_3_5_Debug|Any CPU.ActiveCfg = Debug|Any CPU
		{7B82B671-419F-45F4-B778-D9286F996EFA}.net_3_5_Debug|Any CPU.Build.0 = Debug|Any CPU
		{7B82B671-419F-45F4-B778-D9286F996EFA}.net_3_5_Debug|Mixed Platforms.ActiveCfg = Debug|Any CPU
		{7B82B671-419F-45F4-B778-D9286F996EFA}.net_3_5_Debug|Mixed Platforms.Build.0 = Debug|Any CPU
		{7B82B671-419F-45F4-B778-D9286F996EFA}.net_3_5_Debug|x86.ActiveCfg = Debug|Any CPU
		{7B82B671-419F-45F4-B778-D9286F996EFA}.net_3_5_Release|Any CPU.ActiveCfg = Release|Any CPU
		{7B82B671-419F-45F4-B778-D9286F996EFA}.net_3_5_Release|Any CPU.Build.0 = Release|Any CPU
		{7B82B671-419F-45F4-B778-D9286F996EFA}.net_3_5_Release|Mixed Platforms.ActiveCfg = Release|Any CPU
		{7B82B671-419F-45F4-B778-D9286F996EFA}.net_3_5_Release|Mixed Platforms.Build.0 = Release|Any CPU
		{7B82B671-419F-45F4-B778-D9286F996EFA}.net_3_5_Release|x86.ActiveCfg = Release|Any CPU
		{7B82B671-419F-45F4-B778-D9286F996EFA}.net_4_0_Debug|Any CPU.ActiveCfg = Debug|Any CPU
		{7B82B671-419F-45F4-B778-D9286F996EFA}.net_4_0_Debug|Any CPU.Build.0 = Debug|Any CPU
		{7B82B671-419F-45F4-B778-D9286F996EFA}.net_4_0_Debug|Mixed Platforms.ActiveCfg = Debug|Any CPU
		{7B82B671-419F-45F4-B778-D9286F996EFA}.net_4_0_Debug|Mixed Platforms.Build.0 = Debug|Any CPU
		{7B82B671-419F-45F4-B778-D9286F996EFA}.net_4_0_Debug|x86.ActiveCfg = Debug|Any CPU
		{7B82B671-419F-45F4-B778-D9286F996EFA}.net_4_0_Release|Any CPU.ActiveCfg = Release|Any CPU
		{7B82B671-419F-45F4-B778-D9286F996EFA}.net_4_0_Release|Any CPU.Build.0 = Release|Any CPU
		{7B82B671-419F-45F4-B778-D9286F996EFA}.net_4_0_Release|Mixed Platforms.ActiveCfg = Release|Any CPU
		{7B82B671-419F-45F4-B778-D9286F996EFA}.net_4_0_Release|Mixed Platforms.Build.0 = Release|Any CPU
		{7B82B671-419F-45F4-B778-D9286F996EFA}.net_4_0_Release|x86.ActiveCfg = Release|Any CPU
		{7B82B671-419F-45F4-B778-D9286F996EFA}.Release|Any CPU.ActiveCfg = Release|Any CPU
		{7B82B671-419F-45F4-B778-D9286F996EFA}.Release|Any CPU.Build.0 = Release|Any CPU
		{7B82B671-419F-45F4-B778-D9286F996EFA}.Release|Mixed Platforms.ActiveCfg = Release|Any CPU
		{7B82B671-419F-45F4-B778-D9286F996EFA}.Release|Mixed Platforms.Build.0 = Release|Any CPU
		{7B82B671-419F-45F4-B778-D9286F996EFA}.Release|x86.ActiveCfg = Release|Any CPU
		{D68133BD-1E63-496E-9EDE-4FBDBF77B486}.Debug|Any CPU.ActiveCfg = winphone_Debug|Any CPU
		{D68133BD-1E63-496E-9EDE-4FBDBF77B486}.Debug|Any CPU.Build.0 = winphone_Debug|Any CPU
		{D68133BD-1E63-496E-9EDE-4FBDBF77B486}.Debug|Mixed Platforms.ActiveCfg = net_4_0_Release|Any CPU
		{D68133BD-1E63-496E-9EDE-4FBDBF77B486}.Debug|Mixed Platforms.Build.0 = net_4_0_Release|Any CPU
		{D68133BD-1E63-496E-9EDE-4FBDBF77B486}.Debug|x86.ActiveCfg = winphone_Release|Any CPU
		{D68133BD-1E63-496E-9EDE-4FBDBF77B486}.net_2_0_Debug|Any CPU.ActiveCfg = net_2_0_Debug|Any CPU
		{D68133BD-1E63-496E-9EDE-4FBDBF77B486}.net_2_0_Debug|Any CPU.Build.0 = net_2_0_Debug|Any CPU
		{D68133BD-1E63-496E-9EDE-4FBDBF77B486}.net_2_0_Debug|Mixed Platforms.ActiveCfg = net_2_0_Debug|Any CPU
		{D68133BD-1E63-496E-9EDE-4FBDBF77B486}.net_2_0_Debug|Mixed Platforms.Build.0 = net_2_0_Debug|Any CPU
		{D68133BD-1E63-496E-9EDE-4FBDBF77B486}.net_2_0_Debug|x86.ActiveCfg = net_2_0_Debug|Any CPU
		{D68133BD-1E63-496E-9EDE-4FBDBF77B486}.net_2_0_Release|Any CPU.ActiveCfg = net_2_0_Release|Any CPU
		{D68133BD-1E63-496E-9EDE-4FBDBF77B486}.net_2_0_Release|Any CPU.Build.0 = net_2_0_Release|Any CPU
		{D68133BD-1E63-496E-9EDE-4FBDBF77B486}.net_2_0_Release|Mixed Platforms.ActiveCfg = net_2_0_Release|Any CPU
		{D68133BD-1E63-496E-9EDE-4FBDBF77B486}.net_2_0_Release|Mixed Platforms.Build.0 = net_2_0_Release|Any CPU
		{D68133BD-1E63-496E-9EDE-4FBDBF77B486}.net_2_0_Release|x86.ActiveCfg = net_2_0_Release|Any CPU
		{D68133BD-1E63-496E-9EDE-4FBDBF77B486}.net_3_5_Debug|Any CPU.ActiveCfg = net_3_5_Debug|Any CPU
		{D68133BD-1E63-496E-9EDE-4FBDBF77B486}.net_3_5_Debug|Any CPU.Build.0 = net_3_5_Debug|Any CPU
		{D68133BD-1E63-496E-9EDE-4FBDBF77B486}.net_3_5_Debug|Mixed Platforms.ActiveCfg = net_3_5_Debug|Any CPU
		{D68133BD-1E63-496E-9EDE-4FBDBF77B486}.net_3_5_Debug|Mixed Platforms.Build.0 = net_3_5_Debug|Any CPU
		{D68133BD-1E63-496E-9EDE-4FBDBF77B486}.net_3_5_Debug|x86.ActiveCfg = net_3_5_Debug|Any CPU
		{D68133BD-1E63-496E-9EDE-4FBDBF77B486}.net_3_5_Release|Any CPU.ActiveCfg = net_3_5_Release|Any CPU
		{D68133BD-1E63-496E-9EDE-4FBDBF77B486}.net_3_5_Release|Any CPU.Build.0 = net_3_5_Release|Any CPU
		{D68133BD-1E63-496E-9EDE-4FBDBF77B486}.net_3_5_Release|Mixed Platforms.ActiveCfg = net_3_5_Release|Any CPU
		{D68133BD-1E63-496E-9EDE-4FBDBF77B486}.net_3_5_Release|Mixed Platforms.Build.0 = net_3_5_Release|Any CPU
		{D68133BD-1E63-496E-9EDE-4FBDBF77B486}.net_3_5_Release|x86.ActiveCfg = net_3_5_Release|Any CPU
		{D68133BD-1E63-496E-9EDE-4FBDBF77B486}.net_4_0_Debug|Any CPU.ActiveCfg = net_4_0_Debug|Any CPU
		{D68133BD-1E63-496E-9EDE-4FBDBF77B486}.net_4_0_Debug|Any CPU.Build.0 = net_4_0_Debug|Any CPU
		{D68133BD-1E63-496E-9EDE-4FBDBF77B486}.net_4_0_Debug|Mixed Platforms.ActiveCfg = net_4_0_Debug|Any CPU
		{D68133BD-1E63-496E-9EDE-4FBDBF77B486}.net_4_0_Debug|Mixed Platforms.Build.0 = net_4_0_Debug|Any CPU
		{D68133BD-1E63-496E-9EDE-4FBDBF77B486}.net_4_0_Debug|x86.ActiveCfg = net_4_0_Debug|Any CPU
		{D68133BD-1E63-496E-9EDE-4FBDBF77B486}.net_4_0_Release|Any CPU.ActiveCfg = net_4_0_Release|Any CPU
		{D68133BD-1E63-496E-9EDE-4FBDBF77B486}.net_4_0_Release|Any CPU.Build.0 = net_4_0_Release|Any CPU
		{D68133BD-1E63-496E-9EDE-4FBDBF77B486}.net_4_0_Release|Mixed Platforms.ActiveCfg = net_4_0_Release|Any CPU
		{D68133BD-1E63-496E-9EDE-4FBDBF77B486}.net_4_0_Release|Mixed Platforms.Build.0 = net_4_0_Release|Any CPU
		{D68133BD-1E63-496E-9EDE-4FBDBF77B486}.net_4_0_Release|x86.ActiveCfg = net_4_0_Release|Any CPU
		{D68133BD-1E63-496E-9EDE-4FBDBF77B486}.Release|Any CPU.ActiveCfg = winphone_Release|Any CPU
		{D68133BD-1E63-496E-9EDE-4FBDBF77B486}.Release|Any CPU.Build.0 = winphone_Release|Any CPU
		{D68133BD-1E63-496E-9EDE-4FBDBF77B486}.Release|Mixed Platforms.ActiveCfg = winphone_Release|Any CPU
		{D68133BD-1E63-496E-9EDE-4FBDBF77B486}.Release|Mixed Platforms.Build.0 = winphone_Release|Any CPU
		{D68133BD-1E63-496E-9EDE-4FBDBF77B486}.Release|x86.ActiveCfg = winphone_Release|Any CPU
		{984CC812-9470-4A13-AFF9-CC44068D666C}.Debug|Any CPU.ActiveCfg = Debug|Any CPU
		{984CC812-9470-4A13-AFF9-CC44068D666C}.Debug|Any CPU.Build.0 = Debug|Any CPU
		{984CC812-9470-4A13-AFF9-CC44068D666C}.Debug|Mixed Platforms.ActiveCfg = Debug|Any CPU
		{984CC812-9470-4A13-AFF9-CC44068D666C}.Debug|Mixed Platforms.Build.0 = Debug|Any CPU
		{984CC812-9470-4A13-AFF9-CC44068D666C}.Debug|x86.ActiveCfg = Debug|Any CPU
		{984CC812-9470-4A13-AFF9-CC44068D666C}.net_2_0_Debug|Any CPU.ActiveCfg = Debug|Any CPU
		{984CC812-9470-4A13-AFF9-CC44068D666C}.net_2_0_Debug|Any CPU.Build.0 = Debug|Any CPU
		{984CC812-9470-4A13-AFF9-CC44068D666C}.net_2_0_Debug|Mixed Platforms.ActiveCfg = Debug|Any CPU
		{984CC812-9470-4A13-AFF9-CC44068D666C}.net_2_0_Debug|Mixed Platforms.Build.0 = Debug|Any CPU
		{984CC812-9470-4A13-AFF9-CC44068D666C}.net_2_0_Debug|x86.ActiveCfg = Debug|Any CPU
		{984CC812-9470-4A13-AFF9-CC44068D666C}.net_2_0_Release|Any CPU.ActiveCfg = Release|Any CPU
		{984CC812-9470-4A13-AFF9-CC44068D666C}.net_2_0_Release|Any CPU.Build.0 = Release|Any CPU
		{984CC812-9470-4A13-AFF9-CC44068D666C}.net_2_0_Release|Mixed Platforms.ActiveCfg = Release|Any CPU
		{984CC812-9470-4A13-AFF9-CC44068D666C}.net_2_0_Release|Mixed Platforms.Build.0 = Release|Any CPU
		{984CC812-9470-4A13-AFF9-CC44068D666C}.net_2_0_Release|x86.ActiveCfg = Release|Any CPU
		{984CC812-9470-4A13-AFF9-CC44068D666C}.net_3_5_Debug|Any CPU.ActiveCfg = Debug|Any CPU
		{984CC812-9470-4A13-AFF9-CC44068D666C}.net_3_5_Debug|Any CPU.Build.0 = Debug|Any CPU
		{984CC812-9470-4A13-AFF9-CC44068D666C}.net_3_5_Debug|Mixed Platforms.ActiveCfg = Debug|Any CPU
		{984CC812-9470-4A13-AFF9-CC44068D666C}.net_3_5_Debug|Mixed Platforms.Build.0 = Debug|Any CPU
		{984CC812-9470-4A13-AFF9-CC44068D666C}.net_3_5_Debug|x86.ActiveCfg = Debug|Any CPU
		{984CC812-9470-4A13-AFF9-CC44068D666C}.net_3_5_Release|Any CPU.ActiveCfg = Release|Any CPU
		{984CC812-9470-4A13-AFF9-CC44068D666C}.net_3_5_Release|Any CPU.Build.0 = Release|Any CPU
		{984CC812-9470-4A13-AFF9-CC44068D666C}.net_3_5_Release|Mixed Platforms.ActiveCfg = Release|Any CPU
		{984CC812-9470-4A13-AFF9-CC44068D666C}.net_3_5_Release|Mixed Platforms.Build.0 = Release|Any CPU
		{984CC812-9470-4A13-AFF9-CC44068D666C}.net_3_5_Release|x86.ActiveCfg = Release|Any CPU
		{984CC812-9470-4A13-AFF9-CC44068D666C}.net_4_0_Debug|Any CPU.ActiveCfg = Debug|Any CPU
		{984CC812-9470-4A13-AFF9-CC44068D666C}.net_4_0_Debug|Any CPU.Build.0 = Debug|Any CPU
		{984CC812-9470-4A13-AFF9-CC44068D666C}.net_4_0_Debug|Mixed Platforms.ActiveCfg = Debug|Any CPU
		{984CC812-9470-4A13-AFF9-CC44068D666C}.net_4_0_Debug|Mixed Platforms.Build.0 = Debug|Any CPU
		{984CC812-9470-4A13-AFF9-CC44068D666C}.net_4_0_Debug|x86.ActiveCfg = Debug|Any CPU
		{984CC812-9470-4A13-AFF9-CC44068D666C}.net_4_0_Release|Any CPU.ActiveCfg = Release|Any CPU
		{984CC812-9470-4A13-AFF9-CC44068D666C}.net_4_0_Release|Any CPU.Build.0 = Release|Any CPU
		{984CC812-9470-4A13-AFF9-CC44068D666C}.net_4_0_Release|Mixed Platforms.ActiveCfg = Release|Any CPU
		{984CC812-9470-4A13-AFF9-CC44068D666C}.net_4_0_Release|Mixed Platforms.Build.0 = Release|Any CPU
		{984CC812-9470-4A13-AFF9-CC44068D666C}.net_4_0_Release|x86.ActiveCfg = Release|Any CPU
		{984CC812-9470-4A13-AFF9-CC44068D666C}.Release|Any CPU.ActiveCfg = Release|Any CPU
		{984CC812-9470-4A13-AFF9-CC44068D666C}.Release|Any CPU.Build.0 = Release|Any CPU
		{984CC812-9470-4A13-AFF9-CC44068D666C}.Release|Mixed Platforms.ActiveCfg = Release|Any CPU
		{984CC812-9470-4A13-AFF9-CC44068D666C}.Release|Mixed Platforms.Build.0 = Release|Any CPU
		{984CC812-9470-4A13-AFF9-CC44068D666C}.Release|x86.ActiveCfg = Release|Any CPU
		{6D3D0F0D-348D-456A-A6ED-E9BD5EFABB6A}.Debug|Any CPU.ActiveCfg = Debug|Any CPU
		{6D3D0F0D-348D-456A-A6ED-E9BD5EFABB6A}.Debug|Any CPU.Build.0 = Debug|Any CPU
		{6D3D0F0D-348D-456A-A6ED-E9BD5EFABB6A}.Debug|Mixed Platforms.ActiveCfg = Debug|Any CPU
		{6D3D0F0D-348D-456A-A6ED-E9BD5EFABB6A}.Debug|Mixed Platforms.Build.0 = Debug|Any CPU
		{6D3D0F0D-348D-456A-A6ED-E9BD5EFABB6A}.Debug|x86.ActiveCfg = Debug|Any CPU
		{6D3D0F0D-348D-456A-A6ED-E9BD5EFABB6A}.net_2_0_Debug|Any CPU.ActiveCfg = Debug|Any CPU
		{6D3D0F0D-348D-456A-A6ED-E9BD5EFABB6A}.net_2_0_Debug|Any CPU.Build.0 = Debug|Any CPU
		{6D3D0F0D-348D-456A-A6ED-E9BD5EFABB6A}.net_2_0_Debug|Mixed Platforms.ActiveCfg = Debug|Any CPU
		{6D3D0F0D-348D-456A-A6ED-E9BD5EFABB6A}.net_2_0_Debug|Mixed Platforms.Build.0 = Debug|Any CPU
		{6D3D0F0D-348D-456A-A6ED-E9BD5EFABB6A}.net_2_0_Debug|x86.ActiveCfg = Debug|Any CPU
		{6D3D0F0D-348D-456A-A6ED-E9BD5EFABB6A}.net_2_0_Release|Any CPU.ActiveCfg = Release|Any CPU
		{6D3D0F0D-348D-456A-A6ED-E9BD5EFABB6A}.net_2_0_Release|Any CPU.Build.0 = Release|Any CPU
		{6D3D0F0D-348D-456A-A6ED-E9BD5EFABB6A}.net_2_0_Release|Mixed Platforms.ActiveCfg = Release|Any CPU
		{6D3D0F0D-348D-456A-A6ED-E9BD5EFABB6A}.net_2_0_Release|Mixed Platforms.Build.0 = Release|Any CPU
		{6D3D0F0D-348D-456A-A6ED-E9BD5EFABB6A}.net_2_0_Release|x86.ActiveCfg = Release|Any CPU
		{6D3D0F0D-348D-456A-A6ED-E9BD5EFABB6A}.net_3_5_Debug|Any CPU.ActiveCfg = Debug|Any CPU
		{6D3D0F0D-348D-456A-A6ED-E9BD5EFABB6A}.net_3_5_Debug|Any CPU.Build.0 = Debug|Any CPU
		{6D3D0F0D-348D-456A-A6ED-E9BD5EFABB6A}.net_3_5_Debug|Mixed Platforms.ActiveCfg = Debug|Any CPU
		{6D3D0F0D-348D-456A-A6ED-E9BD5EFABB6A}.net_3_5_Debug|Mixed Platforms.Build.0 = Debug|Any CPU
		{6D3D0F0D-348D-456A-A6ED-E9BD5EFABB6A}.net_3_5_Debug|x86.ActiveCfg = Debug|Any CPU
		{6D3D0F0D-348D-456A-A6ED-E9BD5EFABB6A}.net_3_5_Release|Any CPU.ActiveCfg = Release|Any CPU
		{6D3D0F0D-348D-456A-A6ED-E9BD5EFABB6A}.net_3_5_Release|Any CPU.Build.0 = Release|Any CPU
		{6D3D0F0D-348D-456A-A6ED-E9BD5EFABB6A}.net_3_5_Release|Mixed Platforms.ActiveCfg = Release|Any CPU
		{6D3D0F0D-348D-456A-A6ED-E9BD5EFABB6A}.net_3_5_Release|Mixed Platforms.Build.0 = Release|Any CPU
		{6D3D0F0D-348D-456A-A6ED-E9BD5EFABB6A}.net_3_5_Release|x86.ActiveCfg = Release|Any CPU
		{6D3D0F0D-348D-456A-A6ED-E9BD5EFABB6A}.net_4_0_Debug|Any CPU.ActiveCfg = Debug|Any CPU
		{6D3D0F0D-348D-456A-A6ED-E9BD5EFABB6A}.net_4_0_Debug|Any CPU.Build.0 = Debug|Any CPU
		{6D3D0F0D-348D-456A-A6ED-E9BD5EFABB6A}.net_4_0_Debug|Mixed Platforms.ActiveCfg = Debug|Any CPU
		{6D3D0F0D-348D-456A-A6ED-E9BD5EFABB6A}.net_4_0_Debug|Mixed Platforms.Build.0 = Debug|Any CPU
		{6D3D0F0D-348D-456A-A6ED-E9BD5EFABB6A}.net_4_0_Debug|x86.ActiveCfg = Debug|Any CPU
		{6D3D0F0D-348D-456A-A6ED-E9BD5EFABB6A}.net_4_0_Release|Any CPU.ActiveCfg = Release|Any CPU
		{6D3D0F0D-348D-456A-A6ED-E9BD5EFABB6A}.net_4_0_Release|Any CPU.Build.0 = Release|Any CPU
		{6D3D0F0D-348D-456A-A6ED-E9BD5EFABB6A}.net_4_0_Release|Mixed Platforms.ActiveCfg = Release|Any CPU
		{6D3D0F0D-348D-456A-A6ED-E9BD5EFABB6A}.net_4_0_Release|Mixed Platforms.Build.0 = Release|Any CPU
		{6D3D0F0D-348D-456A-A6ED-E9BD5EFABB6A}.net_4_0_Release|x86.ActiveCfg = Release|Any CPU
		{6D3D0F0D-348D-456A-A6ED-E9BD5EFABB6A}.Release|Any CPU.ActiveCfg = Release|Any CPU
		{6D3D0F0D-348D-456A-A6ED-E9BD5EFABB6A}.Release|Any CPU.Build.0 = Release|Any CPU
		{6D3D0F0D-348D-456A-A6ED-E9BD5EFABB6A}.Release|Mixed Platforms.ActiveCfg = Release|Any CPU
		{6D3D0F0D-348D-456A-A6ED-E9BD5EFABB6A}.Release|Mixed Platforms.Build.0 = Release|Any CPU
		{6D3D0F0D-348D-456A-A6ED-E9BD5EFABB6A}.Release|x86.ActiveCfg = Release|Any CPU
		{1D18D788-F7EE-4585-A23B-34DC8EC63CB8}.Debug|Any CPU.ActiveCfg = Debug|Any CPU
		{1D18D788-F7EE-4585-A23B-34DC8EC63CB8}.Debug|Any CPU.Build.0 = Debug|Any CPU
		{1D18D788-F7EE-4585-A23B-34DC8EC63CB8}.Debug|Mixed Platforms.ActiveCfg = Debug|Any CPU
		{1D18D788-F7EE-4585-A23B-34DC8EC63CB8}.Debug|Mixed Platforms.Build.0 = Debug|Any CPU
		{1D18D788-F7EE-4585-A23B-34DC8EC63CB8}.Debug|x86.ActiveCfg = Debug|Any CPU
		{1D18D788-F7EE-4585-A23B-34DC8EC63CB8}.net_2_0_Debug|Any CPU.ActiveCfg = Debug|Any CPU
		{1D18D788-F7EE-4585-A23B-34DC8EC63CB8}.net_2_0_Debug|Any CPU.Build.0 = Debug|Any CPU
		{1D18D788-F7EE-4585-A23B-34DC8EC63CB8}.net_2_0_Debug|Mixed Platforms.ActiveCfg = Debug|Any CPU
		{1D18D788-F7EE-4585-A23B-34DC8EC63CB8}.net_2_0_Debug|Mixed Platforms.Build.0 = Debug|Any CPU
		{1D18D788-F7EE-4585-A23B-34DC8EC63CB8}.net_2_0_Debug|x86.ActiveCfg = Debug|Any CPU
		{1D18D788-F7EE-4585-A23B-34DC8EC63CB8}.net_2_0_Release|Any CPU.ActiveCfg = Release|Any CPU
		{1D18D788-F7EE-4585-A23B-34DC8EC63CB8}.net_2_0_Release|Any CPU.Build.0 = Release|Any CPU
		{1D18D788-F7EE-4585-A23B-34DC8EC63CB8}.net_2_0_Release|Mixed Platforms.ActiveCfg = Release|Any CPU
		{1D18D788-F7EE-4585-A23B-34DC8EC63CB8}.net_2_0_Release|Mixed Platforms.Build.0 = Release|Any CPU
		{1D18D788-F7EE-4585-A23B-34DC8EC63CB8}.net_2_0_Release|x86.ActiveCfg = Release|Any CPU
		{1D18D788-F7EE-4585-A23B-34DC8EC63CB8}.net_3_5_Debug|Any CPU.ActiveCfg = Debug|Any CPU
		{1D18D788-F7EE-4585-A23B-34DC8EC63CB8}.net_3_5_Debug|Any CPU.Build.0 = Debug|Any CPU
		{1D18D788-F7EE-4585-A23B-34DC8EC63CB8}.net_3_5_Debug|Mixed Platforms.ActiveCfg = Debug|Any CPU
		{1D18D788-F7EE-4585-A23B-34DC8EC63CB8}.net_3_5_Debug|Mixed Platforms.Build.0 = Debug|Any CPU
		{1D18D788-F7EE-4585-A23B-34DC8EC63CB8}.net_3_5_Debug|x86.ActiveCfg = Debug|Any CPU
		{1D18D788-F7EE-4585-A23B-34DC8EC63CB8}.net_3_5_Release|Any CPU.ActiveCfg = Release|Any CPU
		{1D18D788-F7EE-4585-A23B-34DC8EC63CB8}.net_3_5_Release|Any CPU.Build.0 = Release|Any CPU
		{1D18D788-F7EE-4585-A23B-34DC8EC63CB8}.net_3_5_Release|Mixed Platforms.ActiveCfg = Release|Any CPU
		{1D18D788-F7EE-4585-A23B-34DC8EC63CB8}.net_3_5_Release|Mixed Platforms.Build.0 = Release|Any CPU
		{1D18D788-F7EE-4585-A23B-34DC8EC63CB8}.net_3_5_Release|x86.ActiveCfg = Release|Any CPU
		{1D18D788-F7EE-4585-A23B-34DC8EC63CB8}.net_4_0_Debug|Any CPU.ActiveCfg = Debug|Any CPU
		{1D18D788-F7EE-4585-A23B-34DC8EC63CB8}.net_4_0_Debug|Any CPU.Build.0 = Debug|Any CPU
		{1D18D788-F7EE-4585-A23B-34DC8EC63CB8}.net_4_0_Debug|Mixed Platforms.ActiveCfg = Debug|Any CPU
		{1D18D788-F7EE-4585-A23B-34DC8EC63CB8}.net_4_0_Debug|Mixed Platforms.Build.0 = Debug|Any CPU
		{1D18D788-F7EE-4585-A23B-34DC8EC63CB8}.net_4_0_Debug|x86.ActiveCfg = Debug|Any CPU
		{1D18D788-F7EE-4585-A23B-34DC8EC63CB8}.net_4_0_Release|Any CPU.ActiveCfg = Release|Any CPU
		{1D18D788-F7EE-4585-A23B-34DC8EC63CB8}.net_4_0_Release|Any CPU.Build.0 = Release|Any CPU
		{1D18D788-F7EE-4585-A23B-34DC8EC63CB8}.net_4_0_Release|Mixed Platforms.ActiveCfg = Release|Any CPU
		{1D18D788-F7EE-4585-A23B-34DC8EC63CB8}.net_4_0_Release|Mixed Platforms.Build.0 = Release|Any CPU
		{1D18D788-F7EE-4585-A23B-34DC8EC63CB8}.net_4_0_Release|x86.ActiveCfg = Release|Any CPU
		{1D18D788-F7EE-4585-A23B-34DC8EC63CB8}.Release|Any CPU.ActiveCfg = Release|Any CPU
		{1D18D788-F7EE-4585-A23B-34DC8EC63CB8}.Release|Any CPU.Build.0 = Release|Any CPU
		{1D18D788-F7EE-4585-A23B-34DC8EC63CB8}.Release|Mixed Platforms.ActiveCfg = Release|Any CPU
		{1D18D788-F7EE-4585-A23B-34DC8EC63CB8}.Release|Mixed Platforms.Build.0 = Release|Any CPU
		{1D18D788-F7EE-4585-A23B-34DC8EC63CB8}.Release|x86.ActiveCfg = Release|Any CPU
		{6C55B776-26D4-4DB3-A6AB-87E783B2F3D1}.Debug|Any CPU.ActiveCfg = Debug|Any CPU
		{6C55B776-26D4-4DB3-A6AB-87E783B2F3D1}.Debug|Any CPU.Build.0 = Debug|Any CPU
		{6C55B776-26D4-4DB3-A6AB-87E783B2F3D1}.Debug|Mixed Platforms.ActiveCfg = Debug|Any CPU
		{6C55B776-26D4-4DB3-A6AB-87E783B2F3D1}.Debug|Mixed Platforms.Build.0 = Debug|Any CPU
		{6C55B776-26D4-4DB3-A6AB-87E783B2F3D1}.Debug|x86.ActiveCfg = Debug|Any CPU
		{6C55B776-26D4-4DB3-A6AB-87E783B2F3D1}.net_2_0_Debug|Any CPU.ActiveCfg = Debug|Any CPU
		{6C55B776-26D4-4DB3-A6AB-87E783B2F3D1}.net_2_0_Debug|Any CPU.Build.0 = Debug|Any CPU
		{6C55B776-26D4-4DB3-A6AB-87E783B2F3D1}.net_2_0_Debug|Mixed Platforms.ActiveCfg = Debug|Any CPU
		{6C55B776-26D4-4DB3-A6AB-87E783B2F3D1}.net_2_0_Debug|Mixed Platforms.Build.0 = Debug|Any CPU
		{6C55B776-26D4-4DB3-A6AB-87E783B2F3D1}.net_2_0_Debug|x86.ActiveCfg = Debug|Any CPU
		{6C55B776-26D4-4DB3-A6AB-87E783B2F3D1}.net_2_0_Release|Any CPU.ActiveCfg = Release|Any CPU
		{6C55B776-26D4-4DB3-A6AB-87E783B2F3D1}.net_2_0_Release|Any CPU.Build.0 = Release|Any CPU
		{6C55B776-26D4-4DB3-A6AB-87E783B2F3D1}.net_2_0_Release|Mixed Platforms.ActiveCfg = Release|Any CPU
		{6C55B776-26D4-4DB3-A6AB-87E783B2F3D1}.net_2_0_Release|Mixed Platforms.Build.0 = Release|Any CPU
		{6C55B776-26D4-4DB3-A6AB-87E783B2F3D1}.net_2_0_Release|x86.ActiveCfg = Release|Any CPU
		{6C55B776-26D4-4DB3-A6AB-87E783B2F3D1}.net_3_5_Debug|Any CPU.ActiveCfg = Debug|Any CPU
		{6C55B776-26D4-4DB3-A6AB-87E783B2F3D1}.net_3_5_Debug|Any CPU.Build.0 = Debug|Any CPU
		{6C55B776-26D4-4DB3-A6AB-87E783B2F3D1}.net_3_5_Debug|Mixed Platforms.ActiveCfg = Debug|Any CPU
		{6C55B776-26D4-4DB3-A6AB-87E783B2F3D1}.net_3_5_Debug|Mixed Platforms.Build.0 = Debug|Any CPU
		{6C55B776-26D4-4DB3-A6AB-87E783B2F3D1}.net_3_5_Debug|x86.ActiveCfg = Debug|Any CPU
		{6C55B776-26D4-4DB3-A6AB-87E783B2F3D1}.net_3_5_Release|Any CPU.ActiveCfg = Release|Any CPU
		{6C55B776-26D4-4DB3-A6AB-87E783B2F3D1}.net_3_5_Release|Any CPU.Build.0 = Release|Any CPU
		{6C55B776-26D4-4DB3-A6AB-87E783B2F3D1}.net_3_5_Release|Mixed Platforms.ActiveCfg = Release|Any CPU
		{6C55B776-26D4-4DB3-A6AB-87E783B2F3D1}.net_3_5_Release|Mixed Platforms.Build.0 = Release|Any CPU
		{6C55B776-26D4-4DB3-A6AB-87E783B2F3D1}.net_3_5_Release|x86.ActiveCfg = Release|Any CPU
		{6C55B776-26D4-4DB3-A6AB-87E783B2F3D1}.net_4_0_Debug|Any CPU.ActiveCfg = Debug|Any CPU
		{6C55B776-26D4-4DB3-A6AB-87E783B2F3D1}.net_4_0_Debug|Any CPU.Build.0 = Debug|Any CPU
		{6C55B776-26D4-4DB3-A6AB-87E783B2F3D1}.net_4_0_Debug|Mixed Platforms.ActiveCfg = Debug|Any CPU
		{6C55B776-26D4-4DB3-A6AB-87E783B2F3D1}.net_4_0_Debug|Mixed Platforms.Build.0 = Debug|Any CPU
		{6C55B776-26D4-4DB3-A6AB-87E783B2F3D1}.net_4_0_Debug|x86.ActiveCfg = Debug|Any CPU
		{6C55B776-26D4-4DB3-A6AB-87E783B2F3D1}.net_4_0_Release|Any CPU.ActiveCfg = Release|Any CPU
		{6C55B776-26D4-4DB3-A6AB-87E783B2F3D1}.net_4_0_Release|Any CPU.Build.0 = Release|Any CPU
		{6C55B776-26D4-4DB3-A6AB-87E783B2F3D1}.net_4_0_Release|Mixed Platforms.ActiveCfg = Release|Any CPU
		{6C55B776-26D4-4DB3-A6AB-87E783B2F3D1}.net_4_0_Release|Mixed Platforms.Build.0 = Release|Any CPU
		{6C55B776-26D4-4DB3-A6AB-87E783B2F3D1}.net_4_0_Release|x86.ActiveCfg = Release|Any CPU
		{6C55B776-26D4-4DB3-A6AB-87E783B2F3D1}.Release|Any CPU.ActiveCfg = Release|Any CPU
		{6C55B776-26D4-4DB3-A6AB-87E783B2F3D1}.Release|Any CPU.Build.0 = Release|Any CPU
		{6C55B776-26D4-4DB3-A6AB-87E783B2F3D1}.Release|Mixed Platforms.ActiveCfg = Release|Any CPU
		{6C55B776-26D4-4DB3-A6AB-87E783B2F3D1}.Release|Mixed Platforms.Build.0 = Release|Any CPU
		{6C55B776-26D4-4DB3-A6AB-87E783B2F3D1}.Release|x86.ActiveCfg = Release|Any CPU
		{DDE2A481-8271-4EAC-A330-8FA6A38D13D1}.Debug|Any CPU.ActiveCfg = Debug|Any CPU
		{DDE2A481-8271-4EAC-A330-8FA6A38D13D1}.Debug|Any CPU.Build.0 = Debug|Any CPU
		{DDE2A481-8271-4EAC-A330-8FA6A38D13D1}.Debug|Mixed Platforms.ActiveCfg = Debug|Any CPU
		{DDE2A481-8271-4EAC-A330-8FA6A38D13D1}.Debug|Mixed Platforms.Build.0 = Debug|Any CPU
		{DDE2A481-8271-4EAC-A330-8FA6A38D13D1}.Debug|x86.ActiveCfg = Debug|Any CPU
		{DDE2A481-8271-4EAC-A330-8FA6A38D13D1}.net_2_0_Debug|Any CPU.ActiveCfg = Debug|Any CPU
		{DDE2A481-8271-4EAC-A330-8FA6A38D13D1}.net_2_0_Debug|Any CPU.Build.0 = Debug|Any CPU
		{DDE2A481-8271-4EAC-A330-8FA6A38D13D1}.net_2_0_Debug|Mixed Platforms.ActiveCfg = Debug|Any CPU
		{DDE2A481-8271-4EAC-A330-8FA6A38D13D1}.net_2_0_Debug|Mixed Platforms.Build.0 = Debug|Any CPU
		{DDE2A481-8271-4EAC-A330-8FA6A38D13D1}.net_2_0_Debug|x86.ActiveCfg = Debug|Any CPU
		{DDE2A481-8271-4EAC-A330-8FA6A38D13D1}.net_2_0_Release|Any CPU.ActiveCfg = Release|Any CPU
		{DDE2A481-8271-4EAC-A330-8FA6A38D13D1}.net_2_0_Release|Any CPU.Build.0 = Release|Any CPU
		{DDE2A481-8271-4EAC-A330-8FA6A38D13D1}.net_2_0_Release|Mixed Platforms.ActiveCfg = Release|Any CPU
		{DDE2A481-8271-4EAC-A330-8FA6A38D13D1}.net_2_0_Release|Mixed Platforms.Build.0 = Release|Any CPU
		{DDE2A481-8271-4EAC-A330-8FA6A38D13D1}.net_2_0_Release|x86.ActiveCfg = Release|Any CPU
		{DDE2A481-8271-4EAC-A330-8FA6A38D13D1}.net_3_5_Debug|Any CPU.ActiveCfg = Debug|Any CPU
		{DDE2A481-8271-4EAC-A330-8FA6A38D13D1}.net_3_5_Debug|Any CPU.Build.0 = Debug|Any CPU
		{DDE2A481-8271-4EAC-A330-8FA6A38D13D1}.net_3_5_Debug|Mixed Platforms.ActiveCfg = Debug|Any CPU
		{DDE2A481-8271-4EAC-A330-8FA6A38D13D1}.net_3_5_Debug|Mixed Platforms.Build.0 = Debug|Any CPU
		{DDE2A481-8271-4EAC-A330-8FA6A38D13D1}.net_3_5_Debug|x86.ActiveCfg = Debug|Any CPU
		{DDE2A481-8271-4EAC-A330-8FA6A38D13D1}.net_3_5_Release|Any CPU.ActiveCfg = Release|Any CPU
		{DDE2A481-8271-4EAC-A330-8FA6A38D13D1}.net_3_5_Release|Any CPU.Build.0 = Release|Any CPU
		{DDE2A481-8271-4EAC-A330-8FA6A38D13D1}.net_3_5_Release|Mixed Platforms.ActiveCfg = Release|Any CPU
		{DDE2A481-8271-4EAC-A330-8FA6A38D13D1}.net_3_5_Release|Mixed Platforms.Build.0 = Release|Any CPU
		{DDE2A481-8271-4EAC-A330-8FA6A38D13D1}.net_3_5_Release|x86.ActiveCfg = Release|Any CPU
		{DDE2A481-8271-4EAC-A330-8FA6A38D13D1}.net_4_0_Debug|Any CPU.ActiveCfg = Debug|Any CPU
		{DDE2A481-8271-4EAC-A330-8FA6A38D13D1}.net_4_0_Debug|Any CPU.Build.0 = Debug|Any CPU
		{DDE2A481-8271-4EAC-A330-8FA6A38D13D1}.net_4_0_Debug|Mixed Platforms.ActiveCfg = Debug|Any CPU
		{DDE2A481-8271-4EAC-A330-8FA6A38D13D1}.net_4_0_Debug|Mixed Platforms.Build.0 = Debug|Any CPU
		{DDE2A481-8271-4EAC-A330-8FA6A38D13D1}.net_4_0_Debug|x86.ActiveCfg = Debug|Any CPU
		{DDE2A481-8271-4EAC-A330-8FA6A38D13D1}.net_4_0_Release|Any CPU.ActiveCfg = Release|Any CPU
		{DDE2A481-8271-4EAC-A330-8FA6A38D13D1}.net_4_0_Release|Any CPU.Build.0 = Release|Any CPU
		{DDE2A481-8271-4EAC-A330-8FA6A38D13D1}.net_4_0_Release|Mixed Platforms.ActiveCfg = Release|Any CPU
		{DDE2A481-8271-4EAC-A330-8FA6A38D13D1}.net_4_0_Release|Mixed Platforms.Build.0 = Release|Any CPU
		{DDE2A481-8271-4EAC-A330-8FA6A38D13D1}.net_4_0_Release|x86.ActiveCfg = Release|Any CPU
		{DDE2A481-8271-4EAC-A330-8FA6A38D13D1}.Release|Any CPU.ActiveCfg = Release|Any CPU
		{DDE2A481-8271-4EAC-A330-8FA6A38D13D1}.Release|Any CPU.Build.0 = Release|Any CPU
		{DDE2A481-8271-4EAC-A330-8FA6A38D13D1}.Release|Mixed Platforms.ActiveCfg = Release|Any CPU
		{DDE2A481-8271-4EAC-A330-8FA6A38D13D1}.Release|Mixed Platforms.Build.0 = Release|Any CPU
		{DDE2A481-8271-4EAC-A330-8FA6A38D13D1}.Release|x86.ActiveCfg = Release|Any CPU
		{704F66F1-5C7F-4326-A7AA-C604A3896D4E}.Debug|Any CPU.ActiveCfg = Debug|Any CPU
		{704F66F1-5C7F-4326-A7AA-C604A3896D4E}.Debug|Any CPU.Build.0 = Debug|Any CPU
		{704F66F1-5C7F-4326-A7AA-C604A3896D4E}.Debug|Mixed Platforms.ActiveCfg = Debug|Any CPU
		{704F66F1-5C7F-4326-A7AA-C604A3896D4E}.Debug|Mixed Platforms.Build.0 = Debug|Any CPU
		{704F66F1-5C7F-4326-A7AA-C604A3896D4E}.Debug|x86.ActiveCfg = Debug|Any CPU
		{704F66F1-5C7F-4326-A7AA-C604A3896D4E}.net_2_0_Debug|Any CPU.ActiveCfg = Debug|Any CPU
		{704F66F1-5C7F-4326-A7AA-C604A3896D4E}.net_2_0_Debug|Any CPU.Build.0 = Debug|Any CPU
		{704F66F1-5C7F-4326-A7AA-C604A3896D4E}.net_2_0_Debug|Mixed Platforms.ActiveCfg = Debug|Any CPU
		{704F66F1-5C7F-4326-A7AA-C604A3896D4E}.net_2_0_Debug|Mixed Platforms.Build.0 = Debug|Any CPU
		{704F66F1-5C7F-4326-A7AA-C604A3896D4E}.net_2_0_Debug|x86.ActiveCfg = Debug|Any CPU
		{704F66F1-5C7F-4326-A7AA-C604A3896D4E}.net_2_0_Release|Any CPU.ActiveCfg = Release|Any CPU
		{704F66F1-5C7F-4326-A7AA-C604A3896D4E}.net_2_0_Release|Any CPU.Build.0 = Release|Any CPU
		{704F66F1-5C7F-4326-A7AA-C604A3896D4E}.net_2_0_Release|Mixed Platforms.ActiveCfg = Release|Any CPU
		{704F66F1-5C7F-4326-A7AA-C604A3896D4E}.net_2_0_Release|Mixed Platforms.Build.0 = Release|Any CPU
		{704F66F1-5C7F-4326-A7AA-C604A3896D4E}.net_2_0_Release|x86.ActiveCfg = Release|Any CPU
		{704F66F1-5C7F-4326-A7AA-C604A3896D4E}.net_3_5_Debug|Any CPU.ActiveCfg = Debug|Any CPU
		{704F66F1-5C7F-4326-A7AA-C604A3896D4E}.net_3_5_Debug|Any CPU.Build.0 = Debug|Any CPU
		{704F66F1-5C7F-4326-A7AA-C604A3896D4E}.net_3_5_Debug|Mixed Platforms.ActiveCfg = Debug|Any CPU
		{704F66F1-5C7F-4326-A7AA-C604A3896D4E}.net_3_5_Debug|Mixed Platforms.Build.0 = Debug|Any CPU
		{704F66F1-5C7F-4326-A7AA-C604A3896D4E}.net_3_5_Debug|x86.ActiveCfg = Debug|Any CPU
		{704F66F1-5C7F-4326-A7AA-C604A3896D4E}.net_3_5_Release|Any CPU.ActiveCfg = Release|Any CPU
		{704F66F1-5C7F-4326-A7AA-C604A3896D4E}.net_3_5_Release|Any CPU.Build.0 = Release|Any CPU
		{704F66F1-5C7F-4326-A7AA-C604A3896D4E}.net_3_5_Release|Mixed Platforms.ActiveCfg = Release|Any CPU
		{704F66F1-5C7F-4326-A7AA-C604A3896D4E}.net_3_5_Release|Mixed Platforms.Build.0 = Release|Any CPU
		{704F66F1-5C7F-4326-A7AA-C604A3896D4E}.net_3_5_Release|x86.ActiveCfg = Release|Any CPU
		{704F66F1-5C7F-4326-A7AA-C604A3896D4E}.net_4_0_Debug|Any CPU.ActiveCfg = Debug|Any CPU
		{704F66F1-5C7F-4326-A7AA-C604A3896D4E}.net_4_0_Debug|Any CPU.Build.0 = Debug|Any CPU
		{704F66F1-5C7F-4326-A7AA-C604A3896D4E}.net_4_0_Debug|Mixed Platforms.ActiveCfg = Debug|Any CPU
		{704F66F1-5C7F-4326-A7AA-C604A3896D4E}.net_4_0_Debug|Mixed Platforms.Build.0 = Debug|Any CPU
		{704F66F1-5C7F-4326-A7AA-C604A3896D4E}.net_4_0_Debug|x86.ActiveCfg = Debug|Any CPU
		{704F66F1-5C7F-4326-A7AA-C604A3896D4E}.net_4_0_Release|Any CPU.ActiveCfg = Release|Any CPU
		{704F66F1-5C7F-4326-A7AA-C604A3896D4E}.net_4_0_Release|Any CPU.Build.0 = Release|Any CPU
		{704F66F1-5C7F-4326-A7AA-C604A3896D4E}.net_4_0_Release|Mixed Platforms.ActiveCfg = Release|Any CPU
		{704F66F1-5C7F-4326-A7AA-C604A3896D4E}.net_4_0_Release|Mixed Platforms.Build.0 = Release|Any CPU
		{704F66F1-5C7F-4326-A7AA-C604A3896D4E}.net_4_0_Release|x86.ActiveCfg = Release|Any CPU
		{704F66F1-5C7F-4326-A7AA-C604A3896D4E}.Release|Any CPU.ActiveCfg = Release|Any CPU
		{704F66F1-5C7F-4326-A7AA-C604A3896D4E}.Release|Any CPU.Build.0 = Release|Any CPU
		{704F66F1-5C7F-4326-A7AA-C604A3896D4E}.Release|Mixed Platforms.ActiveCfg = Release|Any CPU
		{704F66F1-5C7F-4326-A7AA-C604A3896D4E}.Release|Mixed Platforms.Build.0 = Release|Any CPU
		{704F66F1-5C7F-4326-A7AA-C604A3896D4E}.Release|x86.ActiveCfg = Release|Any CPU
		{63E6915C-7EA4-4D76-AB28-0D7191EEA626}.Debug|Any CPU.ActiveCfg = net_4_0_Debug|Any CPU
		{63E6915C-7EA4-4D76-AB28-0D7191EEA626}.Debug|Any CPU.Build.0 = net_4_0_Debug|Any CPU
		{63E6915C-7EA4-4D76-AB28-0D7191EEA626}.Debug|Mixed Platforms.ActiveCfg = net_4_0_Release|Any CPU
		{63E6915C-7EA4-4D76-AB28-0D7191EEA626}.Debug|Mixed Platforms.Build.0 = net_4_0_Release|Any CPU
		{63E6915C-7EA4-4D76-AB28-0D7191EEA626}.Debug|x86.ActiveCfg = net_4_0_Release|Any CPU
		{63E6915C-7EA4-4D76-AB28-0D7191EEA626}.net_2_0_Debug|Any CPU.ActiveCfg = net_2_0_Debug|Any CPU
		{63E6915C-7EA4-4D76-AB28-0D7191EEA626}.net_2_0_Debug|Any CPU.Build.0 = net_2_0_Debug|Any CPU
		{63E6915C-7EA4-4D76-AB28-0D7191EEA626}.net_2_0_Debug|Mixed Platforms.ActiveCfg = net_2_0_Debug|Any CPU
		{63E6915C-7EA4-4D76-AB28-0D7191EEA626}.net_2_0_Debug|Mixed Platforms.Build.0 = net_2_0_Debug|Any CPU
		{63E6915C-7EA4-4D76-AB28-0D7191EEA626}.net_2_0_Debug|x86.ActiveCfg = net_2_0_Debug|Any CPU
		{63E6915C-7EA4-4D76-AB28-0D7191EEA626}.net_2_0_Release|Any CPU.ActiveCfg = net_2_0_Release|Any CPU
		{63E6915C-7EA4-4D76-AB28-0D7191EEA626}.net_2_0_Release|Any CPU.Build.0 = net_2_0_Release|Any CPU
		{63E6915C-7EA4-4D76-AB28-0D7191EEA626}.net_2_0_Release|Mixed Platforms.ActiveCfg = net_2_0_Release|Any CPU
		{63E6915C-7EA4-4D76-AB28-0D7191EEA626}.net_2_0_Release|Mixed Platforms.Build.0 = net_2_0_Release|Any CPU
		{63E6915C-7EA4-4D76-AB28-0D7191EEA626}.net_2_0_Release|x86.ActiveCfg = net_2_0_Release|Any CPU
		{63E6915C-7EA4-4D76-AB28-0D7191EEA626}.net_3_5_Debug|Any CPU.ActiveCfg = net_3_5_Debug|Any CPU
		{63E6915C-7EA4-4D76-AB28-0D7191EEA626}.net_3_5_Debug|Any CPU.Build.0 = net_3_5_Debug|Any CPU
		{63E6915C-7EA4-4D76-AB28-0D7191EEA626}.net_3_5_Debug|Mixed Platforms.ActiveCfg = net_3_5_Debug|Any CPU
		{63E6915C-7EA4-4D76-AB28-0D7191EEA626}.net_3_5_Debug|Mixed Platforms.Build.0 = net_3_5_Debug|Any CPU
		{63E6915C-7EA4-4D76-AB28-0D7191EEA626}.net_3_5_Debug|x86.ActiveCfg = net_3_5_Debug|Any CPU
		{63E6915C-7EA4-4D76-AB28-0D7191EEA626}.net_3_5_Release|Any CPU.ActiveCfg = net_3_5_Release|Any CPU
		{63E6915C-7EA4-4D76-AB28-0D7191EEA626}.net_3_5_Release|Any CPU.Build.0 = net_3_5_Release|Any CPU
		{63E6915C-7EA4-4D76-AB28-0D7191EEA626}.net_3_5_Release|Mixed Platforms.ActiveCfg = net_3_5_Release|Any CPU
		{63E6915C-7EA4-4D76-AB28-0D7191EEA626}.net_3_5_Release|Mixed Platforms.Build.0 = net_3_5_Release|Any CPU
		{63E6915C-7EA4-4D76-AB28-0D7191EEA626}.net_3_5_Release|x86.ActiveCfg = net_3_5_Release|Any CPU
		{63E6915C-7EA4-4D76-AB28-0D7191EEA626}.net_4_0_Debug|Any CPU.ActiveCfg = net_4_0_Debug|Any CPU
		{63E6915C-7EA4-4D76-AB28-0D7191EEA626}.net_4_0_Debug|Any CPU.Build.0 = net_4_0_Debug|Any CPU
		{63E6915C-7EA4-4D76-AB28-0D7191EEA626}.net_4_0_Debug|Mixed Platforms.ActiveCfg = net_4_0_Debug|Any CPU
		{63E6915C-7EA4-4D76-AB28-0D7191EEA626}.net_4_0_Debug|Mixed Platforms.Build.0 = net_4_0_Debug|Any CPU
		{63E6915C-7EA4-4D76-AB28-0D7191EEA626}.net_4_0_Debug|x86.ActiveCfg = net_4_0_Debug|Any CPU
		{63E6915C-7EA4-4D76-AB28-0D7191EEA626}.net_4_0_Release|Any CPU.ActiveCfg = net_4_0_Release|Any CPU
		{63E6915C-7EA4-4D76-AB28-0D7191EEA626}.net_4_0_Release|Any CPU.Build.0 = net_4_0_Release|Any CPU
		{63E6915C-7EA4-4D76-AB28-0D7191EEA626}.net_4_0_Release|Mixed Platforms.ActiveCfg = net_4_0_Release|Any CPU
		{63E6915C-7EA4-4D76-AB28-0D7191EEA626}.net_4_0_Release|Mixed Platforms.Build.0 = net_4_0_Release|Any CPU
		{63E6915C-7EA4-4D76-AB28-0D7191EEA626}.net_4_0_Release|x86.ActiveCfg = net_4_0_Release|Any CPU
		{63E6915C-7EA4-4D76-AB28-0D7191EEA626}.Release|Any CPU.ActiveCfg = net_4_0_Release|Any CPU
		{63E6915C-7EA4-4D76-AB28-0D7191EEA626}.Release|Any CPU.Build.0 = net_4_0_Release|Any CPU
		{63E6915C-7EA4-4D76-AB28-0D7191EEA626}.Release|Mixed Platforms.ActiveCfg = net_4_0_Release|Any CPU
		{63E6915C-7EA4-4D76-AB28-0D7191EEA626}.Release|Mixed Platforms.Build.0 = net_4_0_Release|Any CPU
		{63E6915C-7EA4-4D76-AB28-0D7191EEA626}.Release|x86.ActiveCfg = net_4_0_Release|Any CPU
		{38C5F3CB-339F-4DD3-9197-98989CA94F9D}.Debug|Any CPU.ActiveCfg = Debug|Any CPU
		{38C5F3CB-339F-4DD3-9197-98989CA94F9D}.Debug|Any CPU.Build.0 = Debug|Any CPU
		{38C5F3CB-339F-4DD3-9197-98989CA94F9D}.Debug|Mixed Platforms.ActiveCfg = Debug|Any CPU
		{38C5F3CB-339F-4DD3-9197-98989CA94F9D}.Debug|Mixed Platforms.Build.0 = Debug|Any CPU
		{38C5F3CB-339F-4DD3-9197-98989CA94F9D}.Debug|x86.ActiveCfg = Debug|Any CPU
		{38C5F3CB-339F-4DD3-9197-98989CA94F9D}.net_2_0_Debug|Any CPU.ActiveCfg = Debug|Any CPU
		{38C5F3CB-339F-4DD3-9197-98989CA94F9D}.net_2_0_Debug|Any CPU.Build.0 = Debug|Any CPU
		{38C5F3CB-339F-4DD3-9197-98989CA94F9D}.net_2_0_Debug|Mixed Platforms.ActiveCfg = Debug|Any CPU
		{38C5F3CB-339F-4DD3-9197-98989CA94F9D}.net_2_0_Debug|Mixed Platforms.Build.0 = Debug|Any CPU
		{38C5F3CB-339F-4DD3-9197-98989CA94F9D}.net_2_0_Debug|x86.ActiveCfg = Debug|Any CPU
		{38C5F3CB-339F-4DD3-9197-98989CA94F9D}.net_2_0_Release|Any CPU.ActiveCfg = Release|Any CPU
		{38C5F3CB-339F-4DD3-9197-98989CA94F9D}.net_2_0_Release|Any CPU.Build.0 = Release|Any CPU
		{38C5F3CB-339F-4DD3-9197-98989CA94F9D}.net_2_0_Release|Mixed Platforms.ActiveCfg = Release|Any CPU
		{38C5F3CB-339F-4DD3-9197-98989CA94F9D}.net_2_0_Release|Mixed Platforms.Build.0 = Release|Any CPU
		{38C5F3CB-339F-4DD3-9197-98989CA94F9D}.net_2_0_Release|x86.ActiveCfg = Release|Any CPU
		{38C5F3CB-339F-4DD3-9197-98989CA94F9D}.net_3_5_Debug|Any CPU.ActiveCfg = Debug|Any CPU
		{38C5F3CB-339F-4DD3-9197-98989CA94F9D}.net_3_5_Debug|Any CPU.Build.0 = Debug|Any CPU
		{38C5F3CB-339F-4DD3-9197-98989CA94F9D}.net_3_5_Debug|Mixed Platforms.ActiveCfg = Debug|Any CPU
		{38C5F3CB-339F-4DD3-9197-98989CA94F9D}.net_3_5_Debug|Mixed Platforms.Build.0 = Debug|Any CPU
		{38C5F3CB-339F-4DD3-9197-98989CA94F9D}.net_3_5_Debug|x86.ActiveCfg = Debug|Any CPU
		{38C5F3CB-339F-4DD3-9197-98989CA94F9D}.net_3_5_Release|Any CPU.ActiveCfg = Release|Any CPU
		{38C5F3CB-339F-4DD3-9197-98989CA94F9D}.net_3_5_Release|Any CPU.Build.0 = Release|Any CPU
		{38C5F3CB-339F-4DD3-9197-98989CA94F9D}.net_3_5_Release|Mixed Platforms.ActiveCfg = Release|Any CPU
		{38C5F3CB-339F-4DD3-9197-98989CA94F9D}.net_3_5_Release|Mixed Platforms.Build.0 = Release|Any CPU
		{38C5F3CB-339F-4DD3-9197-98989CA94F9D}.net_3_5_Release|x86.ActiveCfg = Release|Any CPU
		{38C5F3CB-339F-4DD3-9197-98989CA94F9D}.net_4_0_Debug|Any CPU.ActiveCfg = Debug|Any CPU
		{38C5F3CB-339F-4DD3-9197-98989CA94F9D}.net_4_0_Debug|Any CPU.Build.0 = Debug|Any CPU
		{38C5F3CB-339F-4DD3-9197-98989CA94F9D}.net_4_0_Debug|Mixed Platforms.ActiveCfg = Debug|Any CPU
		{38C5F3CB-339F-4DD3-9197-98989CA94F9D}.net_4_0_Debug|Mixed Platforms.Build.0 = Debug|Any CPU
		{38C5F3CB-339F-4DD3-9197-98989CA94F9D}.net_4_0_Debug|x86.ActiveCfg = Debug|Any CPU
		{38C5F3CB-339F-4DD3-9197-98989CA94F9D}.net_4_0_Release|Any CPU.ActiveCfg = Release|Any CPU
		{38C5F3CB-339F-4DD3-9197-98989CA94F9D}.net_4_0_Release|Any CPU.Build.0 = Release|Any CPU
		{38C5F3CB-339F-4DD3-9197-98989CA94F9D}.net_4_0_Release|Mixed Platforms.ActiveCfg = Release|Any CPU
		{38C5F3CB-339F-4DD3-9197-98989CA94F9D}.net_4_0_Release|Mixed Platforms.Build.0 = Release|Any CPU
		{38C5F3CB-339F-4DD3-9197-98989CA94F9D}.net_4_0_Release|x86.ActiveCfg = Release|Any CPU
		{38C5F3CB-339F-4DD3-9197-98989CA94F9D}.Release|Any CPU.ActiveCfg = Release|Any CPU
		{38C5F3CB-339F-4DD3-9197-98989CA94F9D}.Release|Any CPU.Build.0 = Release|Any CPU
		{38C5F3CB-339F-4DD3-9197-98989CA94F9D}.Release|Mixed Platforms.ActiveCfg = Release|Any CPU
		{38C5F3CB-339F-4DD3-9197-98989CA94F9D}.Release|Mixed Platforms.Build.0 = Release|Any CPU
		{38C5F3CB-339F-4DD3-9197-98989CA94F9D}.Release|x86.ActiveCfg = Release|Any CPU
	EndGlobalSection
	GlobalSection(SolutionProperties) = preSolution
		HideSolutionNode = FALSE
	EndGlobalSection
	GlobalSection(NestedProjects) = preSolution
		{1E85EFF9-E370-4683-83E4-8A3D063FF791} = {2EBE8CE1-1FE5-42B1-9DDD-615BA419912B}
		{3B2A5653-EC97-4001-BB9B-D90F1AF2C371} = {2EBE8CE1-1FE5-42B1-9DDD-615BA419912B}
		{53DCA265-3C3C-42F9-B647-F72BA678122B} = {2EBE8CE1-1FE5-42B1-9DDD-615BA419912B}
		{7B82B671-419F-45F4-B778-D9286F996EFA} = {2EBE8CE1-1FE5-42B1-9DDD-615BA419912B}
		{984CC812-9470-4A13-AFF9-CC44068D666C} = {2EBE8CE1-1FE5-42B1-9DDD-615BA419912B}
		{D5D821CF-658A-472B-A9DE-F581B16950A2} = {2EBE8CE1-1FE5-42B1-9DDD-615BA419912B}
		{6C55B776-26D4-4DB3-A6AB-87E783B2F3D1} = {2EBE8CE1-1FE5-42B1-9DDD-615BA419912B}
		{DDE2A481-8271-4EAC-A330-8FA6A38D13D1} = {2EBE8CE1-1FE5-42B1-9DDD-615BA419912B}
		{704F66F1-5C7F-4326-A7AA-C604A3896D4E} = {2EBE8CE1-1FE5-42B1-9DDD-615BA419912B}
		{6D3D0F0D-348D-456A-A6ED-E9BD5EFABB6A} = {D5D821CF-658A-472B-A9DE-F581B16950A2}
		{1D18D788-F7EE-4585-A23B-34DC8EC63CB8} = {D5D821CF-658A-472B-A9DE-F581B16950A2}
	EndGlobalSection
EndGlobal
