
Microsoft Visual Studio Solution File, Format Version 11.00
# Visual Studio 2010
Project("{8BC9CEB8-8B4A-11D0-8D11-00A0C91BC942}") = "RayTracer2010Cpp", "RayTracer2010Cpp\RayTracer2010Cpp.vcxproj", "{CCB8AFFF-5DBE-43B6-B11E-364ADE2F658F}"
EndProject
Global
	GlobalSection(SolutionConfigurationPlatforms) = preSolution
		Debug|Win32 = Debug|Win32
		Release|Win32 = Release|Win32
	EndGlobalSection
	GlobalSection(ProjectConfigurationPlatforms) = postSolution
		{CCB8AFFF-5DBE-43B6-B11E-364ADE2F658F}.Debug|Win32.ActiveCfg = Debug|Win32
		{CCB8AFFF-5DBE-43B6-B11E-364ADE2F658F}.Debug|Win32.Build.0 = Debug|Win32
		{CCB8AFFF-5DBE-43B6-B11E-364ADE2F658F}.Release|Win32.ActiveCfg = Release|Win32
		{CCB8AFFF-5DBE-43B6-B11E-364ADE2F658F}.Release|Win32.Build.0 = Release|Win32
	EndGlobalSection
	GlobalSection(SolutionProperties) = preSolution
		HideSolutionNode = FALSE
	EndGlobalSection
EndGlobal
