
Microsoft Visual Studio Solution File, Format Version 12.00
# Visual Studio 2012
Project("{8BC9CEB8-8B4A-11D0-8D11-00A0C91BC942}") = "n_body_cxx", "n_body_cxx\n_body_cxx.vcxproj", "{DDEA2ABE-BEDB-46F4-B2B0-74EF1048033C}"
EndProject
Global
	GlobalSection(SolutionConfigurationPlatforms) = preSolution
		Debug|Win32 = Debug|Win32
		Release|Win32 = Release|Win32
	EndGlobalSection
	GlobalSection(ProjectConfigurationPlatforms) = postSolution
		{DDEA2ABE-BEDB-46F4-B2B0-74EF1048033C}.Debug|Win32.ActiveCfg = Debug|Win32
		{DDEA2ABE-BEDB-46F4-B2B0-74EF1048033C}.Debug|Win32.Build.0 = Debug|Win32
		{DDEA2ABE-BEDB-46F4-B2B0-74EF1048033C}.Release|Win32.ActiveCfg = Release|Win32
		{DDEA2ABE-BEDB-46F4-B2B0-74EF1048033C}.Release|Win32.Build.0 = Release|Win32
	EndGlobalSection
	GlobalSection(SolutionProperties) = preSolution
		HideSolutionNode = FALSE
	EndGlobalSection
EndGlobal
