
Microsoft Visual Studio Solution File, Format Version 12.00
# Visual Studio 2012
Project("{FAE04EC0-301F-11D3-BF4B-00C04F79EFBC}") = "Exceptions", "Exceptions\Exceptions.csproj", "{0BB1F87A-CED2-4369-9F2B-E9D533886368}"
EndProject
Global
	GlobalSection(SolutionConfigurationPlatforms) = preSolution
		Debug|Any CPU = Debug|Any CPU
		Release|Any CPU = Release|Any CPU
	EndGlobalSection
	GlobalSection(ProjectConfigurationPlatforms) = postSolution
		{0BB1F87A-CED2-4369-9F2B-E9D533886368}.Debug|Any CPU.ActiveCfg = Debug|Any CPU
		{0BB1F87A-CED2-4369-9F2B-E9D533886368}.Debug|Any CPU.Build.0 = Debug|Any CPU
		{0BB1F87A-CED2-4369-9F2B-E9D533886368}.Release|Any CPU.ActiveCfg = Release|Any CPU
		{0BB1F87A-CED2-4369-9F2B-E9D533886368}.Release|Any CPU.Build.0 = Release|Any CPU
	EndGlobalSection
	GlobalSection(SolutionProperties) = preSolution
		HideSolutionNode = FALSE
	EndGlobalSection
EndGlobal
