
Microsoft Visual Studio Solution File, Format Version 12.00
# Visual Studio 2012
Project("{FAE04EC0-301F-11D3-BF4B-00C04F79EFBC}") = "linux", "MF522-AN\linux.csproj", "{B5EE245F-9274-4941-B156-277F421E1B11}"
EndProject
Project("{FAE04EC0-301F-11D3-BF4B-00C04F79EFBC}") = "Microsoft.SPOT", "Microsoft.SPOT\Microsoft.SPOT.csproj", "{261C03F4-AAF9-4651-A473-B66C38F3D548}"
EndProject
Project("{FAE04EC0-301F-11D3-BF4B-00C04F79EFBC}") = "IOSharp.NETMF.RaspberryPi", "IOSharp.NETMF.RaspberryPi\IOSharp.NETMF.RaspberryPi.csproj", "{34B8CD5C-610E-4AA7-AD4E-D7EC2566648F}"
EndProject
Global
	GlobalSection(SolutionConfigurationPlatforms) = preSolution
		Debug|Any CPU = Debug|Any CPU
		Debug|Mixed Platforms = Debug|Mixed Platforms
		Debug|x86 = Debug|x86
		Release|Any CPU = Release|Any CPU
		Release|Mixed Platforms = Release|Mixed Platforms
		Release|x86 = Release|x86
	EndGlobalSection
	GlobalSection(ProjectConfigurationPlatforms) = postSolution
		{B5EE245F-9274-4941-B156-277F421E1B11}.Debug|Any CPU.ActiveCfg = Debug|Any CPU
		{B5EE245F-9274-4941-B156-277F421E1B11}.Debug|Any CPU.Build.0 = Debug|Any CPU
		{B5EE245F-9274-4941-B156-277F421E1B11}.Debug|Mixed Platforms.ActiveCfg = Debug|Any CPU
		{B5EE245F-9274-4941-B156-277F421E1B11}.Debug|Mixed Platforms.Build.0 = Debug|Any CPU
		{B5EE245F-9274-4941-B156-277F421E1B11}.Debug|x86.ActiveCfg = Debug|Any CPU
		{B5EE245F-9274-4941-B156-277F421E1B11}.Release|Any CPU.ActiveCfg = Release|Any CPU
		{B5EE245F-9274-4941-B156-277F421E1B11}.Release|Any CPU.Build.0 = Release|Any CPU
		{B5EE245F-9274-4941-B156-277F421E1B11}.Release|Mixed Platforms.ActiveCfg = Release|Any CPU
		{B5EE245F-9274-4941-B156-277F421E1B11}.Release|Mixed Platforms.Build.0 = Release|Any CPU
		{B5EE245F-9274-4941-B156-277F421E1B11}.Release|x86.ActiveCfg = Release|Any CPU
		{261C03F4-AAF9-4651-A473-B66C38F3D548}.Debug|Any CPU.ActiveCfg = Debug|x86
		{261C03F4-AAF9-4651-A473-B66C38F3D548}.Debug|Mixed Platforms.ActiveCfg = Debug|x86
		{261C03F4-AAF9-4651-A473-B66C38F3D548}.Debug|Mixed Platforms.Build.0 = Debug|x86
		{261C03F4-AAF9-4651-A473-B66C38F3D548}.Debug|x86.ActiveCfg = Debug|x86
		{261C03F4-AAF9-4651-A473-B66C38F3D548}.Debug|x86.Build.0 = Debug|x86
		{261C03F4-AAF9-4651-A473-B66C38F3D548}.Release|Any CPU.ActiveCfg = Release|x86
		{261C03F4-AAF9-4651-A473-B66C38F3D548}.Release|Mixed Platforms.ActiveCfg = Release|x86
		{261C03F4-AAF9-4651-A473-B66C38F3D548}.Release|Mixed Platforms.Build.0 = Release|x86
		{261C03F4-AAF9-4651-A473-B66C38F3D548}.Release|x86.ActiveCfg = Release|x86
		{261C03F4-AAF9-4651-A473-B66C38F3D548}.Release|x86.Build.0 = Release|x86
		{34B8CD5C-610E-4AA7-AD4E-D7EC2566648F}.Debug|Any CPU.ActiveCfg = Debug|Any CPU
		{34B8CD5C-610E-4AA7-AD4E-D7EC2566648F}.Debug|Any CPU.Build.0 = Debug|Any CPU
		{34B8CD5C-610E-4AA7-AD4E-D7EC2566648F}.Debug|Mixed Platforms.ActiveCfg = Debug|Any CPU
		{34B8CD5C-610E-4AA7-AD4E-D7EC2566648F}.Debug|Mixed Platforms.Build.0 = Debug|Any CPU
		{34B8CD5C-610E-4AA7-AD4E-D7EC2566648F}.Debug|x86.ActiveCfg = Debug|Any CPU
		{34B8CD5C-610E-4AA7-AD4E-D7EC2566648F}.Release|Any CPU.ActiveCfg = Release|Any CPU
		{34B8CD5C-610E-4AA7-AD4E-D7EC2566648F}.Release|Any CPU.Build.0 = Release|Any CPU
		{34B8CD5C-610E-4AA7-AD4E-D7EC2566648F}.Release|Mixed Platforms.ActiveCfg = Release|Any CPU
		{34B8CD5C-610E-4AA7-AD4E-D7EC2566648F}.Release|Mixed Platforms.Build.0 = Release|Any CPU
		{34B8CD5C-610E-4AA7-AD4E-D7EC2566648F}.Release|x86.ActiveCfg = Release|Any CPU
	EndGlobalSection
	GlobalSection(SolutionProperties) = preSolution
		HideSolutionNode = FALSE
	EndGlobalSection
EndGlobal
