
Microsoft Visual Studio Solution File, Format Version 12.00
# Visual Studio 2012
Project("{FAE04EC0-301F-11D3-BF4B-00C04F79EFBC}") = "AlterNative.Core", "AlterNative.Core\AlterNative.Core.csproj", "{F7E31C2B-26A3-4AB1-AF11-4C86F27E28E4}"
EndProject
Project("{FAE04EC0-301F-11D3-BF4B-00C04F79EFBC}") = "AlterNative.Tools", "Alternative.Tools\AlterNative.Tools.csproj", "{38C5F3CB-339F-4DD3-9197-98989CA94F9D}"
EndProject
Project("{FAE04EC0-301F-11D3-BF4B-00C04F79EFBC}") = "Mono.Cecil", "..\Mono.Cecil\Mono.Cecil.csproj", "{D68133BD-1E63-496E-9EDE-4FBDBF77B486}"
EndProject
Project("{FAE04EC0-301F-11D3-BF4B-00C04F79EFBC}") = "ICSharpCode.NRefactory.Cpp", "..\NRefactory\ICSharpCode.NRefactory.Cpp\ICSharpCode.NRefactory.Cpp.csproj", "{37669DE0-87E0-4CD0-AB53-170C38270857}"
EndProject
Project("{FAE04EC0-301F-11D3-BF4B-00C04F79EFBC}") = "Mono.Cecil.Pdb", "..\Mono.Cecil\symbols\pdb\Mono.Cecil.Pdb.csproj", "{63E6915C-7EA4-4D76-AB28-0D7191EEA626}"
EndProject
Project("{FAE04EC0-301F-11D3-BF4B-00C04F79EFBC}") = "ICSharpCode.Decompiler", "ICSharpCode.Decompiler\ICSharpCode.Decompiler.csproj", "{984CC812-9470-4A13-AFF9-CC44068D666C}"
EndProject
Project("{2150E333-8FDC-42A3-9474-1A3956D46DE8}") = "ILSpy projects", "ILSpy projects", "{FA6D62B1-9F34-422E-A925-76BA470432FD}"
EndProject
Project("{FAE04EC0-301F-11D3-BF4B-00C04F79EFBC}") = "ICSharpCode.NRefactory", "..\NRefactory\ICSharpCode.NRefactory\ICSharpCode.NRefactory.csproj", "{3B2A5653-EC97-4001-BB9B-D90F1AF2C371}"
EndProject
Project("{FAE04EC0-301F-11D3-BF4B-00C04F79EFBC}") = "ICSharpCode.NRefactory.CSharp", "..\NRefactory\ICSharpCode.NRefactory.CSharp\ICSharpCode.NRefactory.CSharp.csproj", "{53DCA265-3C3C-42F9-B647-F72BA678122B}"
EndProject
Project("{FAE04EC0-301F-11D3-BF4B-00C04F79EFBC}") = "ILSpy", "ILSpy\ILSpy.csproj", "{A7F4A36C-A108-434A-BDF8-FD819C362E8D}"
EndProject
Project("{FAE04EC0-301F-11D3-BF4B-00C04F79EFBC}") = "ICSharpCode.NRefactory.VB", "..\NRefactory\ICSharpCode.NRefactory.VB\ICSharpCode.NRefactory.VB.csproj", "{7B82B671-419F-45F4-B778-D9286F996EFA}"
EndProject
Global
	GlobalSection(SolutionConfigurationPlatforms) = preSolution
		Debug|Any CPU = Debug|Any CPU
		Debug|x86 = Debug|x86
		net_2_0_Debug|Any CPU = net_2_0_Debug|Any CPU
		net_2_0_Debug|x86 = net_2_0_Debug|x86
		net_2_0_Release|Any CPU = net_2_0_Release|Any CPU
		net_2_0_Release|x86 = net_2_0_Release|x86
		net_3_5_Debug|Any CPU = net_3_5_Debug|Any CPU
		net_3_5_Debug|x86 = net_3_5_Debug|x86
		net_3_5_Release|Any CPU = net_3_5_Release|Any CPU
		net_3_5_Release|x86 = net_3_5_Release|x86
		net_4_0_Debug|Any CPU = net_4_0_Debug|Any CPU
		net_4_0_Debug|x86 = net_4_0_Debug|x86
		net_4_0_Release|Any CPU = net_4_0_Release|Any CPU
		net_4_0_Release|x86 = net_4_0_Release|x86
		Release|Any CPU = Release|Any CPU
		Release|x86 = Release|x86
		silverlight_Debug|Any CPU = silverlight_Debug|Any CPU
		silverlight_Debug|x86 = silverlight_Debug|x86
		silverlight_Release|Any CPU = silverlight_Release|Any CPU
		silverlight_Release|x86 = silverlight_Release|x86
		winphone_Debug|Any CPU = winphone_Debug|Any CPU
		winphone_Debug|x86 = winphone_Debug|x86
		winphone_Release|Any CPU = winphone_Release|Any CPU
		winphone_Release|x86 = winphone_Release|x86
	EndGlobalSection
	GlobalSection(ProjectConfigurationPlatforms) = postSolution
		{F7E31C2B-26A3-4AB1-AF11-4C86F27E28E4}.Debug|Any CPU.ActiveCfg = Debug|Any CPU
		{F7E31C2B-26A3-4AB1-AF11-4C86F27E28E4}.Debug|Any CPU.Build.0 = Debug|Any CPU
		{F7E31C2B-26A3-4AB1-AF11-4C86F27E28E4}.Debug|x86.ActiveCfg = Debug|Any CPU
		{F7E31C2B-26A3-4AB1-AF11-4C86F27E28E4}.net_2_0_Debug|Any CPU.ActiveCfg = Debug|Any CPU
		{F7E31C2B-26A3-4AB1-AF11-4C86F27E28E4}.net_2_0_Debug|Any CPU.Build.0 = Debug|Any CPU
		{F7E31C2B-26A3-4AB1-AF11-4C86F27E28E4}.net_2_0_Debug|x86.ActiveCfg = Debug|Any CPU
		{F7E31C2B-26A3-4AB1-AF11-4C86F27E28E4}.net_2_0_Release|Any CPU.ActiveCfg = Release|Any CPU
		{F7E31C2B-26A3-4AB1-AF11-4C86F27E28E4}.net_2_0_Release|Any CPU.Build.0 = Release|Any CPU
		{F7E31C2B-26A3-4AB1-AF11-4C86F27E28E4}.net_2_0_Release|x86.ActiveCfg = Release|Any CPU
		{F7E31C2B-26A3-4AB1-AF11-4C86F27E28E4}.net_3_5_Debug|Any CPU.ActiveCfg = Debug|Any CPU
		{F7E31C2B-26A3-4AB1-AF11-4C86F27E28E4}.net_3_5_Debug|Any CPU.Build.0 = Debug|Any CPU
		{F7E31C2B-26A3-4AB1-AF11-4C86F27E28E4}.net_3_5_Debug|x86.ActiveCfg = Debug|Any CPU
		{F7E31C2B-26A3-4AB1-AF11-4C86F27E28E4}.net_3_5_Release|Any CPU.ActiveCfg = Release|Any CPU
		{F7E31C2B-26A3-4AB1-AF11-4C86F27E28E4}.net_3_5_Release|Any CPU.Build.0 = Release|Any CPU
		{F7E31C2B-26A3-4AB1-AF11-4C86F27E28E4}.net_3_5_Release|x86.ActiveCfg = Release|Any CPU
		{F7E31C2B-26A3-4AB1-AF11-4C86F27E28E4}.net_4_0_Debug|Any CPU.ActiveCfg = Debug|Any CPU
		{F7E31C2B-26A3-4AB1-AF11-4C86F27E28E4}.net_4_0_Debug|Any CPU.Build.0 = Debug|Any CPU
		{F7E31C2B-26A3-4AB1-AF11-4C86F27E28E4}.net_4_0_Debug|x86.ActiveCfg = Debug|Any CPU
		{F7E31C2B-26A3-4AB1-AF11-4C86F27E28E4}.net_4_0_Release|Any CPU.ActiveCfg = Release|Any CPU
		{F7E31C2B-26A3-4AB1-AF11-4C86F27E28E4}.net_4_0_Release|Any CPU.Build.0 = Release|Any CPU
		{F7E31C2B-26A3-4AB1-AF11-4C86F27E28E4}.net_4_0_Release|x86.ActiveCfg = Release|Any CPU
		{F7E31C2B-26A3-4AB1-AF11-4C86F27E28E4}.Release|Any CPU.ActiveCfg = Release|Any CPU
		{F7E31C2B-26A3-4AB1-AF11-4C86F27E28E4}.Release|Any CPU.Build.0 = Release|Any CPU
		{F7E31C2B-26A3-4AB1-AF11-4C86F27E28E4}.Release|x86.ActiveCfg = Release|Any CPU
		{F7E31C2B-26A3-4AB1-AF11-4C86F27E28E4}.silverlight_Debug|Any CPU.ActiveCfg = Debug|Any CPU
		{F7E31C2B-26A3-4AB1-AF11-4C86F27E28E4}.silverlight_Debug|Any CPU.Build.0 = Debug|Any CPU
		{F7E31C2B-26A3-4AB1-AF11-4C86F27E28E4}.silverlight_Debug|x86.ActiveCfg = Debug|Any CPU
		{F7E31C2B-26A3-4AB1-AF11-4C86F27E28E4}.silverlight_Release|Any CPU.ActiveCfg = Release|Any CPU
		{F7E31C2B-26A3-4AB1-AF11-4C86F27E28E4}.silverlight_Release|Any CPU.Build.0 = Release|Any CPU
		{F7E31C2B-26A3-4AB1-AF11-4C86F27E28E4}.silverlight_Release|x86.ActiveCfg = Release|Any CPU
		{F7E31C2B-26A3-4AB1-AF11-4C86F27E28E4}.winphone_Debug|Any CPU.ActiveCfg = Debug|Any CPU
		{F7E31C2B-26A3-4AB1-AF11-4C86F27E28E4}.winphone_Debug|Any CPU.Build.0 = Debug|Any CPU
		{F7E31C2B-26A3-4AB1-AF11-4C86F27E28E4}.winphone_Debug|x86.ActiveCfg = Debug|Any CPU
		{F7E31C2B-26A3-4AB1-AF11-4C86F27E28E4}.winphone_Release|Any CPU.ActiveCfg = Release|Any CPU
		{F7E31C2B-26A3-4AB1-AF11-4C86F27E28E4}.winphone_Release|Any CPU.Build.0 = Release|Any CPU
		{F7E31C2B-26A3-4AB1-AF11-4C86F27E28E4}.winphone_Release|x86.ActiveCfg = Release|Any CPU
		{38C5F3CB-339F-4DD3-9197-98989CA94F9D}.Debug|Any CPU.ActiveCfg = Debug|Any CPU
		{38C5F3CB-339F-4DD3-9197-98989CA94F9D}.Debug|Any CPU.Build.0 = Debug|Any CPU
		{38C5F3CB-339F-4DD3-9197-98989CA94F9D}.Debug|x86.ActiveCfg = Debug|Any CPU
		{38C5F3CB-339F-4DD3-9197-98989CA94F9D}.net_2_0_Debug|Any CPU.ActiveCfg = Debug|Any CPU
		{38C5F3CB-339F-4DD3-9197-98989CA94F9D}.net_2_0_Debug|Any CPU.Build.0 = Debug|Any CPU
		{38C5F3CB-339F-4DD3-9197-98989CA94F9D}.net_2_0_Debug|x86.ActiveCfg = Debug|Any CPU
		{38C5F3CB-339F-4DD3-9197-98989CA94F9D}.net_2_0_Release|Any CPU.ActiveCfg = Release|Any CPU
		{38C5F3CB-339F-4DD3-9197-98989CA94F9D}.net_2_0_Release|Any CPU.Build.0 = Release|Any CPU
		{38C5F3CB-339F-4DD3-9197-98989CA94F9D}.net_2_0_Release|x86.ActiveCfg = Release|Any CPU
		{38C5F3CB-339F-4DD3-9197-98989CA94F9D}.net_3_5_Debug|Any CPU.ActiveCfg = Debug|Any CPU
		{38C5F3CB-339F-4DD3-9197-98989CA94F9D}.net_3_5_Debug|Any CPU.Build.0 = Debug|Any CPU
		{38C5F3CB-339F-4DD3-9197-98989CA94F9D}.net_3_5_Debug|x86.ActiveCfg = Debug|Any CPU
		{38C5F3CB-339F-4DD3-9197-98989CA94F9D}.net_3_5_Release|Any CPU.ActiveCfg = Release|Any CPU
		{38C5F3CB-339F-4DD3-9197-98989CA94F9D}.net_3_5_Release|Any CPU.Build.0 = Release|Any CPU
		{38C5F3CB-339F-4DD3-9197-98989CA94F9D}.net_3_5_Release|x86.ActiveCfg = Release|Any CPU
		{38C5F3CB-339F-4DD3-9197-98989CA94F9D}.net_4_0_Debug|Any CPU.ActiveCfg = Debug|Any CPU
		{38C5F3CB-339F-4DD3-9197-98989CA94F9D}.net_4_0_Debug|Any CPU.Build.0 = Debug|Any CPU
		{38C5F3CB-339F-4DD3-9197-98989CA94F9D}.net_4_0_Debug|x86.ActiveCfg = Debug|Any CPU
		{38C5F3CB-339F-4DD3-9197-98989CA94F9D}.net_4_0_Release|Any CPU.ActiveCfg = Release|Any CPU
		{38C5F3CB-339F-4DD3-9197-98989CA94F9D}.net_4_0_Release|Any CPU.Build.0 = Release|Any CPU
		{38C5F3CB-339F-4DD3-9197-98989CA94F9D}.net_4_0_Release|x86.ActiveCfg = Release|Any CPU
		{38C5F3CB-339F-4DD3-9197-98989CA94F9D}.Release|Any CPU.ActiveCfg = Release|Any CPU
		{38C5F3CB-339F-4DD3-9197-98989CA94F9D}.Release|Any CPU.Build.0 = Release|Any CPU
		{38C5F3CB-339F-4DD3-9197-98989CA94F9D}.Release|x86.ActiveCfg = Release|Any CPU
		{38C5F3CB-339F-4DD3-9197-98989CA94F9D}.silverlight_Debug|Any CPU.ActiveCfg = Debug|Any CPU
		{38C5F3CB-339F-4DD3-9197-98989CA94F9D}.silverlight_Debug|Any CPU.Build.0 = Debug|Any CPU
		{38C5F3CB-339F-4DD3-9197-98989CA94F9D}.silverlight_Debug|x86.ActiveCfg = Debug|Any CPU
		{38C5F3CB-339F-4DD3-9197-98989CA94F9D}.silverlight_Release|Any CPU.ActiveCfg = Release|Any CPU
		{38C5F3CB-339F-4DD3-9197-98989CA94F9D}.silverlight_Release|Any CPU.Build.0 = Release|Any CPU
		{38C5F3CB-339F-4DD3-9197-98989CA94F9D}.silverlight_Release|x86.ActiveCfg = Release|Any CPU
		{38C5F3CB-339F-4DD3-9197-98989CA94F9D}.winphone_Debug|Any CPU.ActiveCfg = Debug|Any CPU
		{38C5F3CB-339F-4DD3-9197-98989CA94F9D}.winphone_Debug|Any CPU.Build.0 = Debug|Any CPU
		{38C5F3CB-339F-4DD3-9197-98989CA94F9D}.winphone_Debug|x86.ActiveCfg = Debug|Any CPU
		{38C5F3CB-339F-4DD3-9197-98989CA94F9D}.winphone_Release|Any CPU.ActiveCfg = Release|Any CPU
		{38C5F3CB-339F-4DD3-9197-98989CA94F9D}.winphone_Release|Any CPU.Build.0 = Release|Any CPU
		{38C5F3CB-339F-4DD3-9197-98989CA94F9D}.winphone_Release|x86.ActiveCfg = Release|Any CPU
		{D68133BD-1E63-496E-9EDE-4FBDBF77B486}.Debug|Any CPU.ActiveCfg = winphone_Debug|Any CPU
		{D68133BD-1E63-496E-9EDE-4FBDBF77B486}.Debug|Any CPU.Build.0 = winphone_Debug|Any CPU
		{D68133BD-1E63-496E-9EDE-4FBDBF77B486}.Debug|x86.ActiveCfg = silverlight_Debug|Any CPU
		{D68133BD-1E63-496E-9EDE-4FBDBF77B486}.net_2_0_Debug|Any CPU.ActiveCfg = net_2_0_Debug|Any CPU
		{D68133BD-1E63-496E-9EDE-4FBDBF77B486}.net_2_0_Debug|Any CPU.Build.0 = net_2_0_Debug|Any CPU
		{D68133BD-1E63-496E-9EDE-4FBDBF77B486}.net_2_0_Debug|x86.ActiveCfg = net_2_0_Debug|Any CPU
		{D68133BD-1E63-496E-9EDE-4FBDBF77B486}.net_2_0_Release|Any CPU.ActiveCfg = net_2_0_Release|Any CPU
		{D68133BD-1E63-496E-9EDE-4FBDBF77B486}.net_2_0_Release|Any CPU.Build.0 = net_2_0_Release|Any CPU
		{D68133BD-1E63-496E-9EDE-4FBDBF77B486}.net_2_0_Release|x86.ActiveCfg = net_2_0_Release|Any CPU
		{D68133BD-1E63-496E-9EDE-4FBDBF77B486}.net_3_5_Debug|Any CPU.ActiveCfg = net_3_5_Debug|Any CPU
		{D68133BD-1E63-496E-9EDE-4FBDBF77B486}.net_3_5_Debug|Any CPU.Build.0 = net_3_5_Debug|Any CPU
		{D68133BD-1E63-496E-9EDE-4FBDBF77B486}.net_3_5_Debug|x86.ActiveCfg = net_3_5_Debug|Any CPU
		{D68133BD-1E63-496E-9EDE-4FBDBF77B486}.net_3_5_Release|Any CPU.ActiveCfg = net_3_5_Release|Any CPU
		{D68133BD-1E63-496E-9EDE-4FBDBF77B486}.net_3_5_Release|Any CPU.Build.0 = net_3_5_Release|Any CPU
		{D68133BD-1E63-496E-9EDE-4FBDBF77B486}.net_3_5_Release|x86.ActiveCfg = net_3_5_Release|Any CPU
		{D68133BD-1E63-496E-9EDE-4FBDBF77B486}.net_4_0_Debug|Any CPU.ActiveCfg = net_4_0_Debug|Any CPU
		{D68133BD-1E63-496E-9EDE-4FBDBF77B486}.net_4_0_Debug|Any CPU.Build.0 = net_4_0_Debug|Any CPU
		{D68133BD-1E63-496E-9EDE-4FBDBF77B486}.net_4_0_Debug|x86.ActiveCfg = net_4_0_Debug|Any CPU
		{D68133BD-1E63-496E-9EDE-4FBDBF77B486}.net_4_0_Release|Any CPU.ActiveCfg = net_4_0_Release|Any CPU
		{D68133BD-1E63-496E-9EDE-4FBDBF77B486}.net_4_0_Release|Any CPU.Build.0 = net_4_0_Release|Any CPU
		{D68133BD-1E63-496E-9EDE-4FBDBF77B486}.net_4_0_Release|x86.ActiveCfg = net_4_0_Release|Any CPU
		{D68133BD-1E63-496E-9EDE-4FBDBF77B486}.Release|Any CPU.ActiveCfg = winphone_Release|Any CPU
		{D68133BD-1E63-496E-9EDE-4FBDBF77B486}.Release|Any CPU.Build.0 = winphone_Release|Any CPU
		{D68133BD-1E63-496E-9EDE-4FBDBF77B486}.Release|x86.ActiveCfg = silverlight_Release|Any CPU
		{D68133BD-1E63-496E-9EDE-4FBDBF77B486}.silverlight_Debug|Any CPU.ActiveCfg = silverlight_Debug|Any CPU
		{D68133BD-1E63-496E-9EDE-4FBDBF77B486}.silverlight_Debug|Any CPU.Build.0 = silverlight_Debug|Any CPU
		{D68133BD-1E63-496E-9EDE-4FBDBF77B486}.silverlight_Debug|x86.ActiveCfg = silverlight_Debug|Any CPU
		{D68133BD-1E63-496E-9EDE-4FBDBF77B486}.silverlight_Release|Any CPU.ActiveCfg = silverlight_Release|Any CPU
		{D68133BD-1E63-496E-9EDE-4FBDBF77B486}.silverlight_Release|Any CPU.Build.0 = silverlight_Release|Any CPU
		{D68133BD-1E63-496E-9EDE-4FBDBF77B486}.silverlight_Release|x86.ActiveCfg = silverlight_Release|Any CPU
		{D68133BD-1E63-496E-9EDE-4FBDBF77B486}.winphone_Debug|Any CPU.ActiveCfg = winphone_Debug|Any CPU
		{D68133BD-1E63-496E-9EDE-4FBDBF77B486}.winphone_Debug|Any CPU.Build.0 = winphone_Debug|Any CPU
		{D68133BD-1E63-496E-9EDE-4FBDBF77B486}.winphone_Debug|x86.ActiveCfg = winphone_Debug|Any CPU
		{D68133BD-1E63-496E-9EDE-4FBDBF77B486}.winphone_Release|Any CPU.ActiveCfg = winphone_Release|Any CPU
		{D68133BD-1E63-496E-9EDE-4FBDBF77B486}.winphone_Release|Any CPU.Build.0 = winphone_Release|Any CPU
		{D68133BD-1E63-496E-9EDE-4FBDBF77B486}.winphone_Release|x86.ActiveCfg = winphone_Release|Any CPU
		{37669DE0-87E0-4CD0-AB53-170C38270857}.Debug|Any CPU.ActiveCfg = Debug|Any CPU
		{37669DE0-87E0-4CD0-AB53-170C38270857}.Debug|Any CPU.Build.0 = Debug|Any CPU
		{37669DE0-87E0-4CD0-AB53-170C38270857}.Debug|x86.ActiveCfg = Debug|Any CPU
		{37669DE0-87E0-4CD0-AB53-170C38270857}.net_2_0_Debug|Any CPU.ActiveCfg = Debug|Any CPU
		{37669DE0-87E0-4CD0-AB53-170C38270857}.net_2_0_Debug|Any CPU.Build.0 = Debug|Any CPU
		{37669DE0-87E0-4CD0-AB53-170C38270857}.net_2_0_Debug|x86.ActiveCfg = Debug|Any CPU
		{37669DE0-87E0-4CD0-AB53-170C38270857}.net_2_0_Release|Any CPU.ActiveCfg = Release|Any CPU
		{37669DE0-87E0-4CD0-AB53-170C38270857}.net_2_0_Release|Any CPU.Build.0 = Release|Any CPU
		{37669DE0-87E0-4CD0-AB53-170C38270857}.net_2_0_Release|x86.ActiveCfg = Release|Any CPU
		{37669DE0-87E0-4CD0-AB53-170C38270857}.net_3_5_Debug|Any CPU.ActiveCfg = Debug|Any CPU
		{37669DE0-87E0-4CD0-AB53-170C38270857}.net_3_5_Debug|Any CPU.Build.0 = Debug|Any CPU
		{37669DE0-87E0-4CD0-AB53-170C38270857}.net_3_5_Debug|x86.ActiveCfg = Debug|Any CPU
		{37669DE0-87E0-4CD0-AB53-170C38270857}.net_3_5_Release|Any CPU.ActiveCfg = Release|Any CPU
		{37669DE0-87E0-4CD0-AB53-170C38270857}.net_3_5_Release|Any CPU.Build.0 = Release|Any CPU
		{37669DE0-87E0-4CD0-AB53-170C38270857}.net_3_5_Release|x86.ActiveCfg = Release|Any CPU
		{37669DE0-87E0-4CD0-AB53-170C38270857}.net_4_0_Debug|Any CPU.ActiveCfg = Debug|Any CPU
		{37669DE0-87E0-4CD0-AB53-170C38270857}.net_4_0_Debug|Any CPU.Build.0 = Debug|Any CPU
		{37669DE0-87E0-4CD0-AB53-170C38270857}.net_4_0_Debug|x86.ActiveCfg = Debug|Any CPU
		{37669DE0-87E0-4CD0-AB53-170C38270857}.net_4_0_Release|Any CPU.ActiveCfg = Release|Any CPU
		{37669DE0-87E0-4CD0-AB53-170C38270857}.net_4_0_Release|Any CPU.Build.0 = Release|Any CPU
		{37669DE0-87E0-4CD0-AB53-170C38270857}.net_4_0_Release|x86.ActiveCfg = Release|Any CPU
		{37669DE0-87E0-4CD0-AB53-170C38270857}.Release|Any CPU.ActiveCfg = Release|Any CPU
		{37669DE0-87E0-4CD0-AB53-170C38270857}.Release|Any CPU.Build.0 = Release|Any CPU
		{37669DE0-87E0-4CD0-AB53-170C38270857}.Release|x86.ActiveCfg = Release|Any CPU
		{37669DE0-87E0-4CD0-AB53-170C38270857}.silverlight_Debug|Any CPU.ActiveCfg = Debug|Any CPU
		{37669DE0-87E0-4CD0-AB53-170C38270857}.silverlight_Debug|Any CPU.Build.0 = Debug|Any CPU
		{37669DE0-87E0-4CD0-AB53-170C38270857}.silverlight_Debug|x86.ActiveCfg = Debug|Any CPU
		{37669DE0-87E0-4CD0-AB53-170C38270857}.silverlight_Release|Any CPU.ActiveCfg = Release|Any CPU
		{37669DE0-87E0-4CD0-AB53-170C38270857}.silverlight_Release|Any CPU.Build.0 = Release|Any CPU
		{37669DE0-87E0-4CD0-AB53-170C38270857}.silverlight_Release|x86.ActiveCfg = Release|Any CPU
		{37669DE0-87E0-4CD0-AB53-170C38270857}.winphone_Debug|Any CPU.ActiveCfg = Debug|Any CPU
		{37669DE0-87E0-4CD0-AB53-170C38270857}.winphone_Debug|Any CPU.Build.0 = Debug|Any CPU
		{37669DE0-87E0-4CD0-AB53-170C38270857}.winphone_Debug|x86.ActiveCfg = Debug|Any CPU
		{37669DE0-87E0-4CD0-AB53-170C38270857}.winphone_Release|Any CPU.ActiveCfg = Release|Any CPU
		{37669DE0-87E0-4CD0-AB53-170C38270857}.winphone_Release|Any CPU.Build.0 = Release|Any CPU
		{37669DE0-87E0-4CD0-AB53-170C38270857}.winphone_Release|x86.ActiveCfg = Release|Any CPU
		{63E6915C-7EA4-4D76-AB28-0D7191EEA626}.Debug|Any CPU.ActiveCfg = net_4_0_Debug|Any CPU
		{63E6915C-7EA4-4D76-AB28-0D7191EEA626}.Debug|Any CPU.Build.0 = net_4_0_Debug|Any CPU
		{63E6915C-7EA4-4D76-AB28-0D7191EEA626}.Debug|x86.ActiveCfg = net_3_5_Debug|Any CPU
		{63E6915C-7EA4-4D76-AB28-0D7191EEA626}.net_2_0_Debug|Any CPU.ActiveCfg = net_2_0_Debug|Any CPU
		{63E6915C-7EA4-4D76-AB28-0D7191EEA626}.net_2_0_Debug|Any CPU.Build.0 = net_2_0_Debug|Any CPU
		{63E6915C-7EA4-4D76-AB28-0D7191EEA626}.net_2_0_Debug|x86.ActiveCfg = net_2_0_Debug|Any CPU
		{63E6915C-7EA4-4D76-AB28-0D7191EEA626}.net_2_0_Release|Any CPU.ActiveCfg = net_2_0_Release|Any CPU
		{63E6915C-7EA4-4D76-AB28-0D7191EEA626}.net_2_0_Release|Any CPU.Build.0 = net_2_0_Release|Any CPU
		{63E6915C-7EA4-4D76-AB28-0D7191EEA626}.net_2_0_Release|x86.ActiveCfg = net_2_0_Release|Any CPU
		{63E6915C-7EA4-4D76-AB28-0D7191EEA626}.net_3_5_Debug|Any CPU.ActiveCfg = net_3_5_Debug|Any CPU
		{63E6915C-7EA4-4D76-AB28-0D7191EEA626}.net_3_5_Debug|Any CPU.Build.0 = net_3_5_Debug|Any CPU
		{63E6915C-7EA4-4D76-AB28-0D7191EEA626}.net_3_5_Debug|x86.ActiveCfg = net_3_5_Debug|Any CPU
		{63E6915C-7EA4-4D76-AB28-0D7191EEA626}.net_3_5_Release|Any CPU.ActiveCfg = net_3_5_Release|Any CPU
		{63E6915C-7EA4-4D76-AB28-0D7191EEA626}.net_3_5_Release|Any CPU.Build.0 = net_3_5_Release|Any CPU
		{63E6915C-7EA4-4D76-AB28-0D7191EEA626}.net_3_5_Release|x86.ActiveCfg = net_3_5_Release|Any CPU
		{63E6915C-7EA4-4D76-AB28-0D7191EEA626}.net_4_0_Debug|Any CPU.ActiveCfg = net_4_0_Debug|Any CPU
		{63E6915C-7EA4-4D76-AB28-0D7191EEA626}.net_4_0_Debug|Any CPU.Build.0 = net_4_0_Debug|Any CPU
		{63E6915C-7EA4-4D76-AB28-0D7191EEA626}.net_4_0_Debug|x86.ActiveCfg = net_4_0_Debug|Any CPU
		{63E6915C-7EA4-4D76-AB28-0D7191EEA626}.net_4_0_Release|Any CPU.ActiveCfg = net_4_0_Release|Any CPU
		{63E6915C-7EA4-4D76-AB28-0D7191EEA626}.net_4_0_Release|Any CPU.Build.0 = net_4_0_Release|Any CPU
		{63E6915C-7EA4-4D76-AB28-0D7191EEA626}.net_4_0_Release|x86.ActiveCfg = net_4_0_Release|Any CPU
		{63E6915C-7EA4-4D76-AB28-0D7191EEA626}.Release|Any CPU.ActiveCfg = net_4_0_Release|Any CPU
		{63E6915C-7EA4-4D76-AB28-0D7191EEA626}.Release|Any CPU.Build.0 = net_4_0_Release|Any CPU
		{63E6915C-7EA4-4D76-AB28-0D7191EEA626}.Release|x86.ActiveCfg = net_4_0_Release|Any CPU
		{63E6915C-7EA4-4D76-AB28-0D7191EEA626}.silverlight_Debug|Any CPU.ActiveCfg = net_4_0_Release|Any CPU
		{63E6915C-7EA4-4D76-AB28-0D7191EEA626}.silverlight_Debug|Any CPU.Build.0 = net_4_0_Release|Any CPU
		{63E6915C-7EA4-4D76-AB28-0D7191EEA626}.silverlight_Debug|x86.ActiveCfg = net_4_0_Release|Any CPU
		{63E6915C-7EA4-4D76-AB28-0D7191EEA626}.silverlight_Release|Any CPU.ActiveCfg = net_4_0_Release|Any CPU
		{63E6915C-7EA4-4D76-AB28-0D7191EEA626}.silverlight_Release|Any CPU.Build.0 = net_4_0_Release|Any CPU
		{63E6915C-7EA4-4D76-AB28-0D7191EEA626}.silverlight_Release|x86.ActiveCfg = net_4_0_Release|Any CPU
		{63E6915C-7EA4-4D76-AB28-0D7191EEA626}.winphone_Debug|Any CPU.ActiveCfg = net_4_0_Release|Any CPU
		{63E6915C-7EA4-4D76-AB28-0D7191EEA626}.winphone_Debug|Any CPU.Build.0 = net_4_0_Release|Any CPU
		{63E6915C-7EA4-4D76-AB28-0D7191EEA626}.winphone_Debug|x86.ActiveCfg = net_4_0_Release|Any CPU
		{63E6915C-7EA4-4D76-AB28-0D7191EEA626}.winphone_Release|Any CPU.ActiveCfg = net_4_0_Release|Any CPU
		{63E6915C-7EA4-4D76-AB28-0D7191EEA626}.winphone_Release|Any CPU.Build.0 = net_4_0_Release|Any CPU
		{63E6915C-7EA4-4D76-AB28-0D7191EEA626}.winphone_Release|x86.ActiveCfg = net_4_0_Release|Any CPU
		{984CC812-9470-4A13-AFF9-CC44068D666C}.Debug|Any CPU.ActiveCfg = Debug|Any CPU
		{984CC812-9470-4A13-AFF9-CC44068D666C}.Debug|Any CPU.Build.0 = Debug|Any CPU
		{984CC812-9470-4A13-AFF9-CC44068D666C}.Debug|x86.ActiveCfg = Debug|Any CPU
		{984CC812-9470-4A13-AFF9-CC44068D666C}.net_2_0_Debug|Any CPU.ActiveCfg = Debug|Any CPU
		{984CC812-9470-4A13-AFF9-CC44068D666C}.net_2_0_Debug|Any CPU.Build.0 = Debug|Any CPU
		{984CC812-9470-4A13-AFF9-CC44068D666C}.net_2_0_Debug|x86.ActiveCfg = Debug|Any CPU
		{984CC812-9470-4A13-AFF9-CC44068D666C}.net_2_0_Release|Any CPU.ActiveCfg = Release|Any CPU
		{984CC812-9470-4A13-AFF9-CC44068D666C}.net_2_0_Release|Any CPU.Build.0 = Release|Any CPU
		{984CC812-9470-4A13-AFF9-CC44068D666C}.net_2_0_Release|x86.ActiveCfg = Release|Any CPU
		{984CC812-9470-4A13-AFF9-CC44068D666C}.net_3_5_Debug|Any CPU.ActiveCfg = Debug|Any CPU
		{984CC812-9470-4A13-AFF9-CC44068D666C}.net_3_5_Debug|Any CPU.Build.0 = Debug|Any CPU
		{984CC812-9470-4A13-AFF9-CC44068D666C}.net_3_5_Debug|x86.ActiveCfg = Debug|Any CPU
		{984CC812-9470-4A13-AFF9-CC44068D666C}.net_3_5_Release|Any CPU.ActiveCfg = Release|Any CPU
		{984CC812-9470-4A13-AFF9-CC44068D666C}.net_3_5_Release|Any CPU.Build.0 = Release|Any CPU
		{984CC812-9470-4A13-AFF9-CC44068D666C}.net_3_5_Release|x86.ActiveCfg = Release|Any CPU
		{984CC812-9470-4A13-AFF9-CC44068D666C}.net_4_0_Debug|Any CPU.ActiveCfg = Debug|Any CPU
		{984CC812-9470-4A13-AFF9-CC44068D666C}.net_4_0_Debug|Any CPU.Build.0 = Debug|Any CPU
		{984CC812-9470-4A13-AFF9-CC44068D666C}.net_4_0_Debug|x86.ActiveCfg = Debug|Any CPU
		{984CC812-9470-4A13-AFF9-CC44068D666C}.net_4_0_Release|Any CPU.ActiveCfg = Release|Any CPU
		{984CC812-9470-4A13-AFF9-CC44068D666C}.net_4_0_Release|Any CPU.Build.0 = Release|Any CPU
		{984CC812-9470-4A13-AFF9-CC44068D666C}.net_4_0_Release|x86.ActiveCfg = Release|Any CPU
		{984CC812-9470-4A13-AFF9-CC44068D666C}.Release|Any CPU.ActiveCfg = Release|Any CPU
		{984CC812-9470-4A13-AFF9-CC44068D666C}.Release|Any CPU.Build.0 = Release|Any CPU
		{984CC812-9470-4A13-AFF9-CC44068D666C}.Release|x86.ActiveCfg = Release|Any CPU
		{984CC812-9470-4A13-AFF9-CC44068D666C}.silverlight_Debug|Any CPU.ActiveCfg = Debug|Any CPU
		{984CC812-9470-4A13-AFF9-CC44068D666C}.silverlight_Debug|Any CPU.Build.0 = Debug|Any CPU
		{984CC812-9470-4A13-AFF9-CC44068D666C}.silverlight_Debug|x86.ActiveCfg = Debug|Any CPU
		{984CC812-9470-4A13-AFF9-CC44068D666C}.silverlight_Release|Any CPU.ActiveCfg = Release|Any CPU
		{984CC812-9470-4A13-AFF9-CC44068D666C}.silverlight_Release|Any CPU.Build.0 = Release|Any CPU
		{984CC812-9470-4A13-AFF9-CC44068D666C}.silverlight_Release|x86.ActiveCfg = Release|Any CPU
		{984CC812-9470-4A13-AFF9-CC44068D666C}.winphone_Debug|Any CPU.ActiveCfg = Debug|Any CPU
		{984CC812-9470-4A13-AFF9-CC44068D666C}.winphone_Debug|Any CPU.Build.0 = Debug|Any CPU
		{984CC812-9470-4A13-AFF9-CC44068D666C}.winphone_Debug|x86.ActiveCfg = Debug|Any CPU
		{984CC812-9470-4A13-AFF9-CC44068D666C}.winphone_Release|Any CPU.ActiveCfg = Release|Any CPU
		{984CC812-9470-4A13-AFF9-CC44068D666C}.winphone_Release|Any CPU.Build.0 = Release|Any CPU
		{984CC812-9470-4A13-AFF9-CC44068D666C}.winphone_Release|x86.ActiveCfg = Release|Any CPU
		{3B2A5653-EC97-4001-BB9B-D90F1AF2C371}.Debug|Any CPU.ActiveCfg = Debug|Any CPU
		{3B2A5653-EC97-4001-BB9B-D90F1AF2C371}.Debug|Any CPU.Build.0 = Debug|Any CPU
		{3B2A5653-EC97-4001-BB9B-D90F1AF2C371}.Debug|x86.ActiveCfg = Debug|Any CPU
		{3B2A5653-EC97-4001-BB9B-D90F1AF2C371}.net_2_0_Debug|Any CPU.ActiveCfg = Debug|Any CPU
		{3B2A5653-EC97-4001-BB9B-D90F1AF2C371}.net_2_0_Debug|Any CPU.Build.0 = Debug|Any CPU
		{3B2A5653-EC97-4001-BB9B-D90F1AF2C371}.net_2_0_Debug|x86.ActiveCfg = Debug|Any CPU
		{3B2A5653-EC97-4001-BB9B-D90F1AF2C371}.net_2_0_Release|Any CPU.ActiveCfg = Release|Any CPU
		{3B2A5653-EC97-4001-BB9B-D90F1AF2C371}.net_2_0_Release|Any CPU.Build.0 = Release|Any CPU
		{3B2A5653-EC97-4001-BB9B-D90F1AF2C371}.net_2_0_Release|x86.ActiveCfg = Release|Any CPU
		{3B2A5653-EC97-4001-BB9B-D90F1AF2C371}.net_3_5_Debug|Any CPU.ActiveCfg = Debug|Any CPU
		{3B2A5653-EC97-4001-BB9B-D90F1AF2C371}.net_3_5_Debug|Any CPU.Build.0 = Debug|Any CPU
		{3B2A5653-EC97-4001-BB9B-D90F1AF2C371}.net_3_5_Debug|x86.ActiveCfg = Debug|Any CPU
		{3B2A5653-EC97-4001-BB9B-D90F1AF2C371}.net_3_5_Release|Any CPU.ActiveCfg = Release|Any CPU
		{3B2A5653-EC97-4001-BB9B-D90F1AF2C371}.net_3_5_Release|Any CPU.Build.0 = Release|Any CPU
		{3B2A5653-EC97-4001-BB9B-D90F1AF2C371}.net_3_5_Release|x86.ActiveCfg = Release|Any CPU
		{3B2A5653-EC97-4001-BB9B-D90F1AF2C371}.net_4_0_Debug|Any CPU.ActiveCfg = Debug|Any CPU
		{3B2A5653-EC97-4001-BB9B-D90F1AF2C371}.net_4_0_Debug|Any CPU.Build.0 = Debug|Any CPU
		{3B2A5653-EC97-4001-BB9B-D90F1AF2C371}.net_4_0_Debug|x86.ActiveCfg = Debug|Any CPU
		{3B2A5653-EC97-4001-BB9B-D90F1AF2C371}.net_4_0_Release|Any CPU.ActiveCfg = Release|Any CPU
		{3B2A5653-EC97-4001-BB9B-D90F1AF2C371}.net_4_0_Release|Any CPU.Build.0 = Release|Any CPU
		{3B2A5653-EC97-4001-BB9B-D90F1AF2C371}.net_4_0_Release|x86.ActiveCfg = Release|Any CPU
		{3B2A5653-EC97-4001-BB9B-D90F1AF2C371}.Release|Any CPU.ActiveCfg = Release|Any CPU
		{3B2A5653-EC97-4001-BB9B-D90F1AF2C371}.Release|Any CPU.Build.0 = Release|Any CPU
		{3B2A5653-EC97-4001-BB9B-D90F1AF2C371}.Release|x86.ActiveCfg = Release|Any CPU
		{3B2A5653-EC97-4001-BB9B-D90F1AF2C371}.silverlight_Debug|Any CPU.ActiveCfg = Debug|Any CPU
		{3B2A5653-EC97-4001-BB9B-D90F1AF2C371}.silverlight_Debug|Any CPU.Build.0 = Debug|Any CPU
		{3B2A5653-EC97-4001-BB9B-D90F1AF2C371}.silverlight_Debug|x86.ActiveCfg = Debug|Any CPU
		{3B2A5653-EC97-4001-BB9B-D90F1AF2C371}.silverlight_Release|Any CPU.ActiveCfg = Release|Any CPU
		{3B2A5653-EC97-4001-BB9B-D90F1AF2C371}.silverlight_Release|Any CPU.Build.0 = Release|Any CPU
		{3B2A5653-EC97-4001-BB9B-D90F1AF2C371}.silverlight_Release|x86.ActiveCfg = Release|Any CPU
		{3B2A5653-EC97-4001-BB9B-D90F1AF2C371}.winphone_Debug|Any CPU.ActiveCfg = Debug|Any CPU
		{3B2A5653-EC97-4001-BB9B-D90F1AF2C371}.winphone_Debug|Any CPU.Build.0 = Debug|Any CPU
		{3B2A5653-EC97-4001-BB9B-D90F1AF2C371}.winphone_Debug|x86.ActiveCfg = Debug|Any CPU
		{3B2A5653-EC97-4001-BB9B-D90F1AF2C371}.winphone_Release|Any CPU.ActiveCfg = Release|Any CPU
		{3B2A5653-EC97-4001-BB9B-D90F1AF2C371}.winphone_Release|Any CPU.Build.0 = Release|Any CPU
		{3B2A5653-EC97-4001-BB9B-D90F1AF2C371}.winphone_Release|x86.ActiveCfg = Release|Any CPU
		{53DCA265-3C3C-42F9-B647-F72BA678122B}.Debug|Any CPU.ActiveCfg = Debug|Any CPU
		{53DCA265-3C3C-42F9-B647-F72BA678122B}.Debug|Any CPU.Build.0 = Debug|Any CPU
		{53DCA265-3C3C-42F9-B647-F72BA678122B}.Debug|x86.ActiveCfg = Debug|Any CPU
		{53DCA265-3C3C-42F9-B647-F72BA678122B}.net_2_0_Debug|Any CPU.ActiveCfg = Debug|Any CPU
		{53DCA265-3C3C-42F9-B647-F72BA678122B}.net_2_0_Debug|Any CPU.Build.0 = Debug|Any CPU
		{53DCA265-3C3C-42F9-B647-F72BA678122B}.net_2_0_Debug|x86.ActiveCfg = Debug|Any CPU
		{53DCA265-3C3C-42F9-B647-F72BA678122B}.net_2_0_Release|Any CPU.ActiveCfg = Release|Any CPU
		{53DCA265-3C3C-42F9-B647-F72BA678122B}.net_2_0_Release|Any CPU.Build.0 = Release|Any CPU
		{53DCA265-3C3C-42F9-B647-F72BA678122B}.net_2_0_Release|x86.ActiveCfg = Release|Any CPU
		{53DCA265-3C3C-42F9-B647-F72BA678122B}.net_3_5_Debug|Any CPU.ActiveCfg = Debug|Any CPU
		{53DCA265-3C3C-42F9-B647-F72BA678122B}.net_3_5_Debug|Any CPU.Build.0 = Debug|Any CPU
		{53DCA265-3C3C-42F9-B647-F72BA678122B}.net_3_5_Debug|x86.ActiveCfg = Debug|Any CPU
		{53DCA265-3C3C-42F9-B647-F72BA678122B}.net_3_5_Release|Any CPU.ActiveCfg = Release|Any CPU
		{53DCA265-3C3C-42F9-B647-F72BA678122B}.net_3_5_Release|Any CPU.Build.0 = Release|Any CPU
		{53DCA265-3C3C-42F9-B647-F72BA678122B}.net_3_5_Release|x86.ActiveCfg = Release|Any CPU
		{53DCA265-3C3C-42F9-B647-F72BA678122B}.net_4_0_Debug|Any CPU.ActiveCfg = Debug|Any CPU
		{53DCA265-3C3C-42F9-B647-F72BA678122B}.net_4_0_Debug|Any CPU.Build.0 = Debug|Any CPU
		{53DCA265-3C3C-42F9-B647-F72BA678122B}.net_4_0_Debug|x86.ActiveCfg = Debug|Any CPU
		{53DCA265-3C3C-42F9-B647-F72BA678122B}.net_4_0_Release|Any CPU.ActiveCfg = Release|Any CPU
		{53DCA265-3C3C-42F9-B647-F72BA678122B}.net_4_0_Release|Any CPU.Build.0 = Release|Any CPU
		{53DCA265-3C3C-42F9-B647-F72BA678122B}.net_4_0_Release|x86.ActiveCfg = Release|Any CPU
		{53DCA265-3C3C-42F9-B647-F72BA678122B}.Release|Any CPU.ActiveCfg = Release|Any CPU
		{53DCA265-3C3C-42F9-B647-F72BA678122B}.Release|Any CPU.Build.0 = Release|Any CPU
		{53DCA265-3C3C-42F9-B647-F72BA678122B}.Release|x86.ActiveCfg = Release|Any CPU
		{53DCA265-3C3C-42F9-B647-F72BA678122B}.silverlight_Debug|Any CPU.ActiveCfg = Debug|Any CPU
		{53DCA265-3C3C-42F9-B647-F72BA678122B}.silverlight_Debug|Any CPU.Build.0 = Debug|Any CPU
		{53DCA265-3C3C-42F9-B647-F72BA678122B}.silverlight_Debug|x86.ActiveCfg = Debug|Any CPU
		{53DCA265-3C3C-42F9-B647-F72BA678122B}.silverlight_Release|Any CPU.ActiveCfg = Release|Any CPU
		{53DCA265-3C3C-42F9-B647-F72BA678122B}.silverlight_Release|Any CPU.Build.0 = Release|Any CPU
		{53DCA265-3C3C-42F9-B647-F72BA678122B}.silverlight_Release|x86.ActiveCfg = Release|Any CPU
		{53DCA265-3C3C-42F9-B647-F72BA678122B}.winphone_Debug|Any CPU.ActiveCfg = Debug|Any CPU
		{53DCA265-3C3C-42F9-B647-F72BA678122B}.winphone_Debug|Any CPU.Build.0 = Debug|Any CPU
		{53DCA265-3C3C-42F9-B647-F72BA678122B}.winphone_Debug|x86.ActiveCfg = Debug|Any CPU
		{53DCA265-3C3C-42F9-B647-F72BA678122B}.winphone_Release|Any CPU.ActiveCfg = Release|Any CPU
		{53DCA265-3C3C-42F9-B647-F72BA678122B}.winphone_Release|Any CPU.Build.0 = Release|Any CPU
		{53DCA265-3C3C-42F9-B647-F72BA678122B}.winphone_Release|x86.ActiveCfg = Release|Any CPU
		{A7F4A36C-A108-434A-BDF8-FD819C362E8D}.Debug|Any CPU.ActiveCfg = Debug|Any CPU
		{A7F4A36C-A108-434A-BDF8-FD819C362E8D}.Debug|Any CPU.Build.0 = Debug|Any CPU
		{A7F4A36C-A108-434A-BDF8-FD819C362E8D}.Debug|x86.ActiveCfg = Debug|Any CPU
		{A7F4A36C-A108-434A-BDF8-FD819C362E8D}.net_2_0_Debug|Any CPU.ActiveCfg = Debug|Any CPU
		{A7F4A36C-A108-434A-BDF8-FD819C362E8D}.net_2_0_Debug|Any CPU.Build.0 = Debug|Any CPU
		{A7F4A36C-A108-434A-BDF8-FD819C362E8D}.net_2_0_Debug|x86.ActiveCfg = Debug|Any CPU
		{A7F4A36C-A108-434A-BDF8-FD819C362E8D}.net_2_0_Release|Any CPU.ActiveCfg = Release|Any CPU
		{A7F4A36C-A108-434A-BDF8-FD819C362E8D}.net_2_0_Release|Any CPU.Build.0 = Release|Any CPU
		{A7F4A36C-A108-434A-BDF8-FD819C362E8D}.net_2_0_Release|x86.ActiveCfg = Release|Any CPU
		{A7F4A36C-A108-434A-BDF8-FD819C362E8D}.net_3_5_Debug|Any CPU.ActiveCfg = Debug|Any CPU
		{A7F4A36C-A108-434A-BDF8-FD819C362E8D}.net_3_5_Debug|Any CPU.Build.0 = Debug|Any CPU
		{A7F4A36C-A108-434A-BDF8-FD819C362E8D}.net_3_5_Debug|x86.ActiveCfg = Debug|Any CPU
		{A7F4A36C-A108-434A-BDF8-FD819C362E8D}.net_3_5_Release|Any CPU.ActiveCfg = Release|Any CPU
		{A7F4A36C-A108-434A-BDF8-FD819C362E8D}.net_3_5_Release|Any CPU.Build.0 = Release|Any CPU
		{A7F4A36C-A108-434A-BDF8-FD819C362E8D}.net_3_5_Release|x86.ActiveCfg = Release|Any CPU
		{A7F4A36C-A108-434A-BDF8-FD819C362E8D}.net_4_0_Debug|Any CPU.ActiveCfg = Debug|Any CPU
		{A7F4A36C-A108-434A-BDF8-FD819C362E8D}.net_4_0_Debug|Any CPU.Build.0 = Debug|Any CPU
		{A7F4A36C-A108-434A-BDF8-FD819C362E8D}.net_4_0_Debug|x86.ActiveCfg = Debug|Any CPU
		{A7F4A36C-A108-434A-BDF8-FD819C362E8D}.net_4_0_Release|Any CPU.ActiveCfg = Release|Any CPU
		{A7F4A36C-A108-434A-BDF8-FD819C362E8D}.net_4_0_Release|Any CPU.Build.0 = Release|Any CPU
		{A7F4A36C-A108-434A-BDF8-FD819C362E8D}.net_4_0_Release|x86.ActiveCfg = Release|Any CPU
		{A7F4A36C-A108-434A-BDF8-FD819C362E8D}.Release|Any CPU.ActiveCfg = Release|Any CPU
		{A7F4A36C-A108-434A-BDF8-FD819C362E8D}.Release|Any CPU.Build.0 = Release|Any CPU
		{A7F4A36C-A108-434A-BDF8-FD819C362E8D}.Release|x86.ActiveCfg = Release|Any CPU
		{A7F4A36C-A108-434A-BDF8-FD819C362E8D}.silverlight_Debug|Any CPU.ActiveCfg = Debug|Any CPU
		{A7F4A36C-A108-434A-BDF8-FD819C362E8D}.silverlight_Debug|Any CPU.Build.0 = Debug|Any CPU
		{A7F4A36C-A108-434A-BDF8-FD819C362E8D}.silverlight_Debug|x86.ActiveCfg = Debug|Any CPU
		{A7F4A36C-A108-434A-BDF8-FD819C362E8D}.silverlight_Release|Any CPU.ActiveCfg = Release|Any CPU
		{A7F4A36C-A108-434A-BDF8-FD819C362E8D}.silverlight_Release|Any CPU.Build.0 = Release|Any CPU
		{A7F4A36C-A108-434A-BDF8-FD819C362E8D}.silverlight_Release|x86.ActiveCfg = Release|Any CPU
		{A7F4A36C-A108-434A-BDF8-FD819C362E8D}.winphone_Debug|Any CPU.ActiveCfg = Debug|Any CPU
		{A7F4A36C-A108-434A-BDF8-FD819C362E8D}.winphone_Debug|Any CPU.Build.0 = Debug|Any CPU
		{A7F4A36C-A108-434A-BDF8-FD819C362E8D}.winphone_Debug|x86.ActiveCfg = Debug|Any CPU
		{A7F4A36C-A108-434A-BDF8-FD819C362E8D}.winphone_Release|Any CPU.ActiveCfg = Release|Any CPU
		{A7F4A36C-A108-434A-BDF8-FD819C362E8D}.winphone_Release|Any CPU.Build.0 = Release|Any CPU
		{A7F4A36C-A108-434A-BDF8-FD819C362E8D}.winphone_Release|x86.ActiveCfg = Release|Any CPU
		{7B82B671-419F-45F4-B778-D9286F996EFA}.Debug|Any CPU.ActiveCfg = Debug|Any CPU
		{7B82B671-419F-45F4-B778-D9286F996EFA}.Debug|Any CPU.Build.0 = Debug|Any CPU
		{7B82B671-419F-45F4-B778-D9286F996EFA}.Debug|x86.ActiveCfg = Debug|Any CPU
		{7B82B671-419F-45F4-B778-D9286F996EFA}.net_2_0_Debug|Any CPU.ActiveCfg = Debug|Any CPU
		{7B82B671-419F-45F4-B778-D9286F996EFA}.net_2_0_Debug|Any CPU.Build.0 = Debug|Any CPU
		{7B82B671-419F-45F4-B778-D9286F996EFA}.net_2_0_Debug|x86.ActiveCfg = Debug|Any CPU
		{7B82B671-419F-45F4-B778-D9286F996EFA}.net_2_0_Release|Any CPU.ActiveCfg = Release|Any CPU
		{7B82B671-419F-45F4-B778-D9286F996EFA}.net_2_0_Release|Any CPU.Build.0 = Release|Any CPU
		{7B82B671-419F-45F4-B778-D9286F996EFA}.net_2_0_Release|x86.ActiveCfg = Release|Any CPU
		{7B82B671-419F-45F4-B778-D9286F996EFA}.net_3_5_Debug|Any CPU.ActiveCfg = Debug|Any CPU
		{7B82B671-419F-45F4-B778-D9286F996EFA}.net_3_5_Debug|Any CPU.Build.0 = Debug|Any CPU
		{7B82B671-419F-45F4-B778-D9286F996EFA}.net_3_5_Debug|x86.ActiveCfg = Debug|Any CPU
		{7B82B671-419F-45F4-B778-D9286F996EFA}.net_3_5_Release|Any CPU.ActiveCfg = Release|Any CPU
		{7B82B671-419F-45F4-B778-D9286F996EFA}.net_3_5_Release|Any CPU.Build.0 = Release|Any CPU
		{7B82B671-419F-45F4-B778-D9286F996EFA}.net_3_5_Release|x86.ActiveCfg = Release|Any CPU
		{7B82B671-419F-45F4-B778-D9286F996EFA}.net_4_0_Debug|Any CPU.ActiveCfg = Debug|Any CPU
		{7B82B671-419F-45F4-B778-D9286F996EFA}.net_4_0_Debug|Any CPU.Build.0 = Debug|Any CPU
		{7B82B671-419F-45F4-B778-D9286F996EFA}.net_4_0_Debug|x86.ActiveCfg = Debug|Any CPU
		{7B82B671-419F-45F4-B778-D9286F996EFA}.net_4_0_Release|Any CPU.ActiveCfg = Release|Any CPU
		{7B82B671-419F-45F4-B778-D9286F996EFA}.net_4_0_Release|Any CPU.Build.0 = Release|Any CPU
		{7B82B671-419F-45F4-B778-D9286F996EFA}.net_4_0_Release|x86.ActiveCfg = Release|Any CPU
		{7B82B671-419F-45F4-B778-D9286F996EFA}.Release|Any CPU.ActiveCfg = Release|Any CPU
		{7B82B671-419F-45F4-B778-D9286F996EFA}.Release|Any CPU.Build.0 = Release|Any CPU
		{7B82B671-419F-45F4-B778-D9286F996EFA}.Release|x86.ActiveCfg = Release|Any CPU
		{7B82B671-419F-45F4-B778-D9286F996EFA}.silverlight_Debug|Any CPU.ActiveCfg = Debug|Any CPU
		{7B82B671-419F-45F4-B778-D9286F996EFA}.silverlight_Debug|Any CPU.Build.0 = Debug|Any CPU
		{7B82B671-419F-45F4-B778-D9286F996EFA}.silverlight_Debug|x86.ActiveCfg = Debug|Any CPU
		{7B82B671-419F-45F4-B778-D9286F996EFA}.silverlight_Release|Any CPU.ActiveCfg = Release|Any CPU
		{7B82B671-419F-45F4-B778-D9286F996EFA}.silverlight_Release|Any CPU.Build.0 = Release|Any CPU
		{7B82B671-419F-45F4-B778-D9286F996EFA}.silverlight_Release|x86.ActiveCfg = Release|Any CPU
		{7B82B671-419F-45F4-B778-D9286F996EFA}.winphone_Debug|Any CPU.ActiveCfg = Debug|Any CPU
		{7B82B671-419F-45F4-B778-D9286F996EFA}.winphone_Debug|Any CPU.Build.0 = Debug|Any CPU
		{7B82B671-419F-45F4-B778-D9286F996EFA}.winphone_Debug|x86.ActiveCfg = Debug|Any CPU
		{7B82B671-419F-45F4-B778-D9286F996EFA}.winphone_Release|Any CPU.ActiveCfg = Release|Any CPU
		{7B82B671-419F-45F4-B778-D9286F996EFA}.winphone_Release|Any CPU.Build.0 = Release|Any CPU
		{7B82B671-419F-45F4-B778-D9286F996EFA}.winphone_Release|x86.ActiveCfg = Release|Any CPU
	EndGlobalSection
	GlobalSection(SolutionProperties) = preSolution
		HideSolutionNode = FALSE
	EndGlobalSection
	GlobalSection(NestedProjects) = preSolution
		{984CC812-9470-4A13-AFF9-CC44068D666C} = {FA6D62B1-9F34-422E-A925-76BA470432FD}
		{37669DE0-87E0-4CD0-AB53-170C38270857} = {FA6D62B1-9F34-422E-A925-76BA470432FD}
		{3B2A5653-EC97-4001-BB9B-D90F1AF2C371} = {FA6D62B1-9F34-422E-A925-76BA470432FD}
		{53DCA265-3C3C-42F9-B647-F72BA678122B} = {FA6D62B1-9F34-422E-A925-76BA470432FD}
		{A7F4A36C-A108-434A-BDF8-FD819C362E8D} = {FA6D62B1-9F34-422E-A925-76BA470432FD}
		{7B82B671-419F-45F4-B778-D9286F996EFA} = {FA6D62B1-9F34-422E-A925-76BA470432FD}
	EndGlobalSection
EndGlobal
